// !$*UTF8*$!
{
	archiveVersion = 1;
	classes = {
	};
	objectVersion = 46;
	objects = {

/* Begin PBXBuildFile section */
		AD1047041BCC5A8A00A990DB /* PSMethodReturnValueTest.c in Sources */ = {isa = PBXBuildFile; fileRef = AD1047021BCC5A8A00A990DB /* PSMethodReturnValueTest.c */; };
		AD1064721BD8A7E100A38EEE /* PSPrintValueOfPrimitiveTypeTest.c in Sources */ = {isa = PBXBuildFile; fileRef = AD1064701BD8A7E100A38EEE /* PSPrintValueOfPrimitiveTypeTest.c */; };
		AD1064781BD901BB00A38EEE /* PSDataStructureTest.c in Sources */ = {isa = PBXBuildFile; fileRef = AD1064761BD901BB00A38EEE /* PSDataStructureTest.c */; };
		AD21515C1BC6B8010057F3A6 /* PSHuman.c in Sources */ = {isa = PBXBuildFile; fileRef = AD21515B1BC6B8010057F3A6 /* PSHuman.c */; };
		AD7CEAD21BB36C9300F2D042 /* main.c in Sources */ = {isa = PBXBuildFile; fileRef = AD7CEAD11BB36C9300F2D042 /* main.c */; };
		AD90C22B1BB455BE00800D14 /* PSDataTypeTest.c in Sources */ = {isa = PBXBuildFile; fileRef = AD90C2291BB455BE00800D14 /* PSDataTypeTest.c */; };
		AD90C22E1BB4564E00800D14 /* PSMethodReturnValue.c in Sources */ = {isa = PBXBuildFile; fileRef = AD90C22C1BB4564E00800D14 /* PSMethodReturnValue.c */; };
		ADA038511BDE6BA0007539C2 /* PSObject.c in Sources */ = {isa = PBXBuildFile; fileRef = ADA0384F1BDE6BA0007539C2 /* PSObject.c */; };
		ADE3ABDD1BEA954900910782 /* PSString.c in Sources */ = {isa = PBXBuildFile; fileRef = ADE3ABDB1BEA954900910782 /* PSString.c */; };
/* End PBXBuildFile section */

/* Begin PBXCopyFilesBuildPhase section */
		AD7CEACC1BB36C9300F2D042 /* CopyFiles */ = {
			isa = PBXCopyFilesBuildPhase;
			buildActionMask = 2147483647;
			dstPath = /usr/share/man/man1/;
			dstSubfolderSpec = 0;
			files = (
			);
			runOnlyForDeploymentPostprocessing = 1;
		};
/* End PBXCopyFilesBuildPhase section */

/* Begin PBXFileReference section */
		AD1047021BCC5A8A00A990DB /* PSMethodReturnValueTest.c */ = {isa = PBXFileReference; fileEncoding = 4; lastKnownFileType = sourcecode.c.c; path = PSMethodReturnValueTest.c; sourceTree = "<group>"; };
		AD1047031BCC5A8A00A990DB /* PSMethodReturnValueTest.h */ = {isa = PBXFileReference; fileEncoding = 4; lastKnownFileType = sourcecode.c.h; path = PSMethodReturnValueTest.h; sourceTree = "<group>"; };
		AD10646E1BD8A42A00A38EEE /* PSPrintValueOfPrimitiveType.h */ = {isa = PBXFileReference; lastKnownFileType = sourcecode.c.h; path = PSPrintValueOfPrimitiveType.h; sourceTree = "<group>"; };
		AD1064701BD8A7E100A38EEE /* PSPrintValueOfPrimitiveTypeTest.c */ = {isa = PBXFileReference; fileEncoding = 4; lastKnownFileType = sourcecode.c.c; path = PSPrintValueOfPrimitiveTypeTest.c; sourceTree = "<group>"; };
		AD1064711BD8A7E100A38EEE /* PSPrintValueOfPrimitiveTypeTest.h */ = {isa = PBXFileReference; fileEncoding = 4; lastKnownFileType = sourcecode.c.h; path = PSPrintValueOfPrimitiveTypeTest.h; sourceTree = "<group>"; };
		AD1064751BD8B2DA00A38EEE /* PSDataStructure.h */ = {isa = PBXFileReference; lastKnownFileType = sourcecode.c.h; path = PSDataStructure.h; sourceTree = "<group>"; };
		AD1064761BD901BB00A38EEE /* PSDataStructureTest.c */ = {isa = PBXFileReference; fileEncoding = 4; lastKnownFileType = sourcecode.c.c; path = PSDataStructureTest.c; sourceTree = "<group>"; };
		AD1064771BD901BB00A38EEE /* PSDataStructureTest.h */ = {isa = PBXFileReference; fileEncoding = 4; lastKnownFileType = sourcecode.c.h; path = PSDataStructureTest.h; sourceTree = "<group>"; };
		AD21515B1BC6B8010057F3A6 /* PSHuman.c */ = {isa = PBXFileReference; fileEncoding = 4; lastKnownFileType = sourcecode.c.c; path = PSHuman.c; sourceTree = "<group>"; };
		AD4337D51BC2FDC700C450D7 /* PSHuman.h */ = {isa = PBXFileReference; fileEncoding = 4; lastKnownFileType = sourcecode.c.h; path = PSHuman.h; sourceTree = "<group>"; };
		AD7CEACE1BB36C9300F2D042 /* PSTrainingProject */ = {isa = PBXFileReference; explicitFileType = "compiled.mach-o.executable"; includeInIndex = 0; path = PSTrainingProject; sourceTree = BUILT_PRODUCTS_DIR; };
		AD7CEAD11BB36C9300F2D042 /* main.c */ = {isa = PBXFileReference; lastKnownFileType = sourcecode.c.c; name = main.c; path = PSTrainingProject/main.c; sourceTree = "<group>"; };
		AD90C2291BB455BE00800D14 /* PSDataTypeTest.c */ = {isa = PBXFileReference; fileEncoding = 4; lastKnownFileType = sourcecode.c.c; path = PSDataTypeTest.c; sourceTree = "<group>"; };
		AD90C22A1BB455BE00800D14 /* PSDataType.h */ = {isa = PBXFileReference; fileEncoding = 4; lastKnownFileType = sourcecode.c.h; path = PSDataType.h; sourceTree = "<group>"; };
		AD90C22C1BB4564E00800D14 /* PSMethodReturnValue.c */ = {isa = PBXFileReference; fileEncoding = 4; lastKnownFileType = sourcecode.c.c; path = PSMethodReturnValue.c; sourceTree = "<group>"; };
		AD90C22D1BB4564E00800D14 /* PSMethodReturnValue.h */ = {isa = PBXFileReference; fileEncoding = 4; lastKnownFileType = sourcecode.c.h; path = PSMethodReturnValue.h; sourceTree = "<group>"; };
		AD9E018D1BCBDB41000AED45 /* PSDataTypeTest.h */ = {isa = PBXFileReference; fileEncoding = 4; lastKnownFileType = sourcecode.c.h; path = PSDataTypeTest.h; sourceTree = "<group>"; };
		ADA0384F1BDE6BA0007539C2 /* PSObject.c */ = {isa = PBXFileReference; fileEncoding = 4; lastKnownFileType = sourcecode.c.c; path = PSObject.c; sourceTree = "<group>"; };
		ADA038501BDE6BA0007539C2 /* PSObject.h */ = {isa = PBXFileReference; fileEncoding = 4; lastKnownFileType = sourcecode.c.h; path = PSObject.h; sourceTree = "<group>"; };
		ADE3ABDB1BEA954900910782 /* PSString.c */ = {isa = PBXFileReference; fileEncoding = 4; lastKnownFileType = sourcecode.c.c; path = PSString.c; sourceTree = "<group>"; };
		ADE3ABDC1BEA954900910782 /* PSString.h */ = {isa = PBXFileReference; fileEncoding = 4; lastKnownFileType = sourcecode.c.h; path = PSString.h; sourceTree = "<group>"; };
/* End PBXFileReference section */

/* Begin PBXFrameworksBuildPhase section */
		AD7CEACB1BB36C9300F2D042 /* Frameworks */ = {
			isa = PBXFrameworksBuildPhase;
			buildActionMask = 2147483647;
			files = (
			);
			runOnlyForDeploymentPostprocessing = 0;
		};
/* End PBXFrameworksBuildPhase section */

/* Begin PBXGroup section */
		AD10646D1BD8A3AC00A38EEE /* PSPrintValueOfPrimitiveType */ = {
			isa = PBXGroup;
			children = (
				AD10646E1BD8A42A00A38EEE /* PSPrintValueOfPrimitiveType.h */,
			);
			path = PSPrintValueOfPrimitiveType;
			sourceTree = "<group>";
		};
		AD10646F1BD8A76500A38EEE /* PSPrintValueOfPrimitiveTypeTest */ = {
			isa = PBXGroup;
			children = (
				AD1064701BD8A7E100A38EEE /* PSPrintValueOfPrimitiveTypeTest.c */,
				AD1064711BD8A7E100A38EEE /* PSPrintValueOfPrimitiveTypeTest.h */,
			);
			path = PSPrintValueOfPrimitiveTypeTest;
			sourceTree = "<group>";
		};
		AD1064731BD8B1ED00A38EEE /* PSDataStructure */ = {
			isa = PBXGroup;
			children = (
				AD1064751BD8B2DA00A38EEE /* PSDataStructure.h */,
			);
			path = PSDataStructure;
			sourceTree = "<group>";
		};
		AD1064741BD8B21600A38EEE /* PSDataStructureTest */ = {
			isa = PBXGroup;
			children = (
				AD1064761BD901BB00A38EEE /* PSDataStructureTest.c */,
				AD1064771BD901BB00A38EEE /* PSDataStructureTest.h */,
			);
			path = PSDataStructureTest;
			sourceTree = "<group>";
		};
		AD4337D31BC2FD3900C450D7 /* PSHuman */ = {
			isa = PBXGroup;
			children = (
				AD21515B1BC6B8010057F3A6 /* PSHuman.c */,
				AD4337D51BC2FDC700C450D7 /* PSHuman.h */,
			);
			path = PSHuman;
			sourceTree = "<group>";
		};
		AD7CEAC51BB36C9300F2D042 = {
			isa = PBXGroup;
			children = (
				AD7CEACF1BB36C9300F2D042 /* Products */,
				AD7CEAD11BB36C9300F2D042 /* main.c */,
				AD7CEAD01BB36C9300F2D042 /* Source */,
				AD7CEADA1BB37CC600F2D042 /* Test */,
			);
			sourceTree = "<group>";
		};
		AD7CEACF1BB36C9300F2D042 /* Products */ = {
			isa = PBXGroup;
			children = (
				AD7CEACE1BB36C9300F2D042 /* PSTrainingProject */,
			);
			name = Products;
			sourceTree = "<group>";
		};
		AD7CEAD01BB36C9300F2D042 /* Source */ = {
			isa = PBXGroup;
			children = (
				AD7CEAD81BB36CF700F2D042 /* PSDataType */,
				AD7CEAD91BB36D2700F2D042 /* PSMethodReturnNumber */,
				AD10646D1BD8A3AC00A38EEE /* PSPrintValueOfPrimitiveType */,
				AD1064731BD8B1ED00A38EEE /* PSDataStructure */,
				ADE3ABDA1BEA94CB00910782 /* PSString */,
				ADA0384E1BDE6B53007539C2 /* PSObject */,
				AD4337D31BC2FD3900C450D7 /* PSHuman */,
			);
			name = Source;
			path = PSTrainingProject;
			sourceTree = "<group>";
		};
		AD7CEAD81BB36CF700F2D042 /* PSDataType */ = {
			isa = PBXGroup;
			children = (
				AD90C22A1BB455BE00800D14 /* PSDataType.h */,
			);
			path = PSDataType;
			sourceTree = "<group>";
		};
		AD7CEAD91BB36D2700F2D042 /* PSMethodReturnNumber */ = {
			isa = PBXGroup;
			children = (
				AD90C22C1BB4564E00800D14 /* PSMethodReturnValue.c */,
				AD90C22D1BB4564E00800D14 /* PSMethodReturnValue.h */,
			);
			name = PSMethodReturnNumber;
			path = PSMethodReturn;
			sourceTree = "<group>";
		};
		AD7CEADA1BB37CC600F2D042 /* Test */ = {
			isa = PBXGroup;
			children = (
				AD9E018C1BCBD09E000AED45 /* PSDataTypeTest */,
				AD7CEADC1BB37DC400F2D042 /* PSMethodReturnNumberTest */,
				AD10646F1BD8A76500A38EEE /* PSPrintValueOfPrimitiveTypeTest */,
				AD1064741BD8B21600A38EEE /* PSDataStructureTest */,
			);
			path = Test;
			sourceTree = "<group>";
		};
		AD7CEADC1BB37DC400F2D042 /* PSMethodReturnNumberTest */ = {
			isa = PBXGroup;
			children = (
				AD1047021BCC5A8A00A990DB /* PSMethodReturnValueTest.c */,
				AD1047031BCC5A8A00A990DB /* PSMethodReturnValueTest.h */,
			);
			name = PSMethodReturnNumberTest;
			path = PSMethodReturnTest;
			sourceTree = "<group>";
		};
		AD9E018C1BCBD09E000AED45 /* PSDataTypeTest */ = {
			isa = PBXGroup;
			children = (
				AD90C2291BB455BE00800D14 /* PSDataTypeTest.c */,
				AD9E018D1BCBDB41000AED45 /* PSDataTypeTest.h */,
			);
			path = PSDataTypeTest;
			sourceTree = "<group>";
		};
		ADA0384E1BDE6B53007539C2 /* PSObject */ = {
			isa = PBXGroup;
			children = (
				ADA0384F1BDE6BA0007539C2 /* PSObject.c */,
				ADA038501BDE6BA0007539C2 /* PSObject.h */,
			);
			path = PSObject;
			sourceTree = "<group>";
		};
		ADE3ABDA1BEA94CB00910782 /* PSString */ = {
			isa = PBXGroup;
			children = (
				ADE3ABDB1BEA954900910782 /* PSString.c */,
				ADE3ABDC1BEA954900910782 /* PSString.h */,
			);
			name = PSString;
			path = PSSreing;
			sourceTree = "<group>";
		};
/* End PBXGroup section */

/* Begin PBXNativeTarget section */
		AD7CEACD1BB36C9300F2D042 /* PSTrainingProject */ = {
			isa = PBXNativeTarget;
			buildConfigurationList = AD7CEAD51BB36C9300F2D042 /* Build configuration list for PBXNativeTarget "PSTrainingProject" */;
			buildPhases = (
				AD7CEACA1BB36C9300F2D042 /* Sources */,
				AD7CEACB1BB36C9300F2D042 /* Frameworks */,
				AD7CEACC1BB36C9300F2D042 /* CopyFiles */,
			);
			buildRules = (
			);
			dependencies = (
			);
			name = PSTrainingProject;
			productName = PSTrainingProject;
			productReference = AD7CEACE1BB36C9300F2D042 /* PSTrainingProject */;
			productType = "com.apple.product-type.tool";
		};
/* End PBXNativeTarget section */

/* Begin PBXProject section */
		AD7CEAC61BB36C9300F2D042 /* Project object */ = {
			isa = PBXProject;
			attributes = {
				CLASSPREFIX = PS;
				LastUpgradeCheck = 0700;
				ORGANIZATIONNAME = "Сергей";
				TargetAttributes = {
					AD7CEACD1BB36C9300F2D042 = {
						CreatedOnToolsVersion = 7.0;
					};
				};
			};
			buildConfigurationList = AD7CEAC91BB36C9300F2D042 /* Build configuration list for PBXProject "PSTrainingProject" */;
			compatibilityVersion = "Xcode 3.2";
			developmentRegion = English;
			hasScannedForEncodings = 0;
			knownRegions = (
				en,
			);
			mainGroup = AD7CEAC51BB36C9300F2D042;
			productRefGroup = AD7CEACF1BB36C9300F2D042 /* Products */;
			projectDirPath = "";
			projectRoot = "";
			targets = (
				AD7CEACD1BB36C9300F2D042 /* PSTrainingProject */,
			);
		};
/* End PBXProject section */

/* Begin PBXSourcesBuildPhase section */
		AD7CEACA1BB36C9300F2D042 /* Sources */ = {
			isa = PBXSourcesBuildPhase;
			buildActionMask = 2147483647;
			files = (
				AD1047041BCC5A8A00A990DB /* PSMethodReturnValueTest.c in Sources */,
				AD1064721BD8A7E100A38EEE /* PSPrintValueOfPrimitiveTypeTest.c in Sources */,
				AD90C22E1BB4564E00800D14 /* PSMethodReturnValue.c in Sources */,
				ADE3ABDD1BEA954900910782 /* PSString.c in Sources */,
				AD1064781BD901BB00A38EEE /* PSDataStructureTest.c in Sources */,
				AD7CEAD21BB36C9300F2D042 /* main.c in Sources */,
				ADA038511BDE6BA0007539C2 /* PSObject.c in Sources */,
				AD21515C1BC6B8010057F3A6 /* PSHuman.c in Sources */,
				AD90C22B1BB455BE00800D14 /* PSDataTypeTest.c in Sources */,
			);
			runOnlyForDeploymentPostprocessing = 0;
		};
/* End PBXSourcesBuildPhase section */

/* Begin XCBuildConfiguration section */
		AD7CEAD31BB36C9300F2D042 /* Debug */ = {
			isa = XCBuildConfiguration;
			buildSettings = {
				ALWAYS_SEARCH_USER_PATHS = NO;
				CLANG_CXX_LANGUAGE_STANDARD = "gnu++0x";
				CLANG_CXX_LIBRARY = "libc++";
				CLANG_ENABLE_MODULES = YES;
				CLANG_ENABLE_OBJC_ARC = YES;
				CLANG_WARN_BOOL_CONVERSION = YES;
				CLANG_WARN_CONSTANT_CONVERSION = YES;
				CLANG_WARN_DIRECT_OBJC_ISA_USAGE = YES_ERROR;
				CLANG_WARN_EMPTY_BODY = YES;
				CLANG_WARN_ENUM_CONVERSION = YES;
				CLANG_WARN_INT_CONVERSION = YES;
				CLANG_WARN_OBJC_ROOT_CLASS = YES_ERROR;
				CLANG_WARN_UNREACHABLE_CODE = YES;
				CLANG_WARN__DUPLICATE_METHOD_MATCH = YES;
				COPY_PHASE_STRIP = NO;
				DEBUG_INFORMATION_FORMAT = dwarf;
				ENABLE_STRICT_OBJC_MSGSEND = YES;
				ENABLE_TESTABILITY = YES;
				GCC_C_LANGUAGE_STANDARD = gnu99;
				GCC_DYNAMIC_NO_PIC = NO;
				GCC_NO_COMMON_BLOCKS = YES;
				GCC_OPTIMIZATION_LEVEL = 0;
				GCC_PREPROCESSOR_DEFINITIONS = (
					"DEBUG=1",
					"$(inherited)",
				);
				GCC_WARN_64_TO_32_BIT_CONVERSION = YES;
				GCC_WARN_ABOUT_RETURN_TYPE = YES_ERROR;
				GCC_WARN_UNDECLARED_SELECTOR = YES;
				GCC_WARN_UNINITIALIZED_AUTOS = YES_AGGRESSIVE;
				GCC_WARN_UNUSED_FUNCTION = YES;
				GCC_WARN_UNUSED_VARIABLE = YES;
				MACOSX_DEPLOYMENT_TARGET = 10.10;
				MTL_ENABLE_DEBUG_INFO = YES;
				ONLY_ACTIVE_ARCH = YES;
				SDKROOT = macosx;
			};
			name = Debug;
		};
		AD7CEAD41BB36C9300F2D042 /* Release */ = {
			isa = XCBuildConfiguration;
			buildSettings = {
				ALWAYS_SEARCH_USER_PATHS = NO;
				CLANG_CXX_LANGUAGE_STANDARD = "gnu++0x";
				CLANG_CXX_LIBRARY = "libc++";
				CLANG_ENABLE_MODULES = YES;
				CLANG_ENABLE_OBJC_ARC = YES;
				CLANG_WARN_BOOL_CONVERSION = YES;
				CLANG_WARN_CONSTANT_CONVERSION = YES;
				CLANG_WARN_DIRECT_OBJC_ISA_USAGE = YES_ERROR;
				CLANG_WARN_EMPTY_BODY = YES;
				CLANG_WARN_ENUM_CONVERSION = YES;
				CLANG_WARN_INT_CONVERSION = YES;
				CLANG_WARN_OBJC_ROOT_CLASS = YES_ERROR;
				CLANG_WARN_UNREACHABLE_CODE = YES;
				CLANG_WARN__DUPLICATE_METHOD_MATCH = YES;
				COPY_PHASE_STRIP = NO;
				DEBUG_INFORMATION_FORMAT = "dwarf-with-dsym";
				ENABLE_NS_ASSERTIONS = NO;
				ENABLE_STRICT_OBJC_MSGSEND = YES;
				GCC_C_LANGUAGE_STANDARD = gnu99;
				GCC_NO_COMMON_BLOCKS = YES;
				GCC_WARN_64_TO_32_BIT_CONVERSION = YES;
				GCC_WARN_ABOUT_RETURN_TYPE = YES_ERROR;
				GCC_WARN_UNDECLARED_SELECTOR = YES;
				GCC_WARN_UNINITIALIZED_AUTOS = YES_AGGRESSIVE;
				GCC_WARN_UNUSED_FUNCTION = YES;
				GCC_WARN_UNUSED_VARIABLE = YES;
				MACOSX_DEPLOYMENT_TARGET = 10.10;
				MTL_ENABLE_DEBUG_INFO = NO;
				SDKROOT = macosx;
			};
			name = Release;
		};
		AD7CEAD61BB36C9300F2D042 /* Debug */ = {
			isa = XCBuildConfiguration;
			buildSettings = {
				PRODUCT_NAME = "$(TARGET_NAME)";
			};
			name = Debug;
		};
		AD7CEAD71BB36C9300F2D042 /* Release */ = {
			isa = XCBuildConfiguration;
			buildSettings = {
				PRODUCT_NAME = "$(TARGET_NAME)";
			};
			name = Release;
		};
/* End XCBuildConfiguration section */

/* Begin XCConfigurationList section */
		AD7CEAC91BB36C9300F2D042 /* Build configuration list for PBXProject "PSTrainingProject" */ = {
			isa = XCConfigurationList;
			buildConfigurations = (
				AD7CEAD31BB36C9300F2D042 /* Debug */,
				AD7CEAD41BB36C9300F2D042 /* Release */,
			);
			defaultConfigurationIsVisible = 0;
			defaultConfigurationName = Release;
		};
		AD7CEAD51BB36C9300F2D042 /* Build configuration list for PBXNativeTarget "PSTrainingProject" */ = {
			isa = XCConfigurationList;
			buildConfigurations = (
				AD7CEAD61BB36C9300F2D042 /* Debug */,
				AD7CEAD71BB36C9300F2D042 /* Release */,
			);
			defaultConfigurationIsVisible = 0;
			defaultConfigurationName = Release;
		};
/* End XCConfigurationList section */
	};
	rootObject = AD7CEAC61BB36C9300F2D042 /* Project object */;
}
