// !$*UTF8*$!
{
	archiveVersion = 1;
	classes = {
	};
	objectVersion = 46;
	objects = {

/* Begin PBXBuildFile section */
		AD1047041BCC5A8A00A990DB /* PSMethodReturnValueTest.c in Sources */ = {isa = PBXBuildFile; fileRef = AD1047021BCC5A8A00A990DB /* PSMethodReturnValueTest.c */; };
		AD1064721BD8A7E100A38EEE /* PSPrintValueOfPrimitiveTypeTest.c in Sources */ = {isa = PBXBuildFile; fileRef = AD1064701BD8A7E100A38EEE /* PSPrintValueOfPrimitiveTypeTest.c */; };
		AD1064781BD901BB00A38EEE /* PSDataStructureTest.c in Sources */ = {isa = PBXBuildFile; fileRef = AD1064761BD901BB00A38EEE /* PSDataStructureTest.c */; };
		AD188A871C15FD75003C8E9C /* PSCarWashEnterprise.m in Sources */ = {isa = PBXBuildFile; fileRef = AD188A861C15FD75003C8E9C /* PSCarWashEnterprise.m */; };
		AD188A8A1C15FDFF003C8E9C /* PSCar.m in Sources */ = {isa = PBXBuildFile; fileRef = AD188A891C15FDFF003C8E9C /* PSCar.m */; };
		AD188A931C15FECA003C8E9C /* PSWorkers.m in Sources */ = {isa = PBXBuildFile; fileRef = AD188A921C15FECA003C8E9C /* PSWorkers.m */; };
		AD188A961C15FEE1003C8E9C /* PSDirector.m in Sources */ = {isa = PBXBuildFile; fileRef = AD188A951C15FEE1003C8E9C /* PSDirector.m */; };
		AD188A991C15FEF6003C8E9C /* PSAccountant.m in Sources */ = {isa = PBXBuildFile; fileRef = AD188A981C15FEF6003C8E9C /* PSAccountant.m */; };
		AD188A9C1C15FF0F003C8E9C /* PSWasher.m in Sources */ = {isa = PBXBuildFile; fileRef = AD188A9B1C15FF0F003C8E9C /* PSWasher.m */; };
		AD21515C1BC6B8010057F3A6 /* PSHuman.c in Sources */ = {isa = PBXBuildFile; fileRef = AD21515B1BC6B8010057F3A6 /* PSHuman.c */; };
		AD5FEBF21BFA3EB100D8C067 /* main.m in Sources */ = {isa = PBXBuildFile; fileRef = AD5FEBF11BFA3EB100D8C067 /* main.m */; };
		AD7CEAD21BB36C9300F2D042 /* main.c in Sources */ = {isa = PBXBuildFile; fileRef = AD7CEAD11BB36C9300F2D042 /* main.c */; };
		AD81A8D11C3AC64E006671F3 /* PSDispatcher.m in Sources */ = {isa = PBXBuildFile; fileRef = AD81A8D01C3AC64E006671F3 /* PSDispatcher.m */; };
		AD83CB6B1BF3868D00FF6272 /* PSLinkedList.c in Sources */ = {isa = PBXBuildFile; fileRef = AD83CB691BF3868D00FF6272 /* PSLinkedList.c */; };
		AD83CB6F1BF3958400FF6272 /* PSLinkedListNode.c in Sources */ = {isa = PBXBuildFile; fileRef = AD83CB6D1BF3958400FF6272 /* PSLinkedListNode.c */; };
		AD8A7AF11C2B83F20047CEF2 /* PSQueue.m in Sources */ = {isa = PBXBuildFile; fileRef = AD8A7AF01C2B83F20047CEF2 /* PSQueue.m */; };
		AD90C22B1BB455BE00800D14 /* PSDataTypeTest.c in Sources */ = {isa = PBXBuildFile; fileRef = AD90C2291BB455BE00800D14 /* PSDataTypeTest.c */; };
		AD90C22E1BB4564E00800D14 /* PSMethodReturnValue.c in Sources */ = {isa = PBXBuildFile; fileRef = AD90C22C1BB4564E00800D14 /* PSMethodReturnValue.c */; };
		AD9A68D41BF15E18006CCC8C /* PSArray.c in Sources */ = {isa = PBXBuildFile; fileRef = AD9A68D21BF15E18006CCC8C /* PSArray.c */; };
		AD9CFD2D1C2ADFEE00DA5E58 /* PSObservableObject.m in Sources */ = {isa = PBXBuildFile; fileRef = AD9CFD2C1C2ADFEE00DA5E58 /* PSObservableObject.m */; };
		ADA038511BDE6BA0007539C2 /* PSObject.c in Sources */ = {isa = PBXBuildFile; fileRef = ADA0384F1BDE6BA0007539C2 /* PSObject.c */; };
		ADAA6CD61BFF5050002A4A27 /* PSCreature.m in Sources */ = {isa = PBXBuildFile; fileRef = ADAA6CD51BFF5050002A4A27 /* PSCreature.m */; };
		ADAE2CC41C47BCD800C16E9C /* PSWorkersPool.m in Sources */ = {isa = PBXBuildFile; fileRef = ADAE2CC31C47BCD800C16E9C /* PSWorkersPool.m */; };
		ADCE03DC1C16756F00555686 /* PSCreatureTest.m in Sources */ = {isa = PBXBuildFile; fileRef = ADCE03DB1C16756F00555686 /* PSCreatureTest.m */; };
		ADCE03E01C16787A00555686 /* PSCarWashTest.m in Sources */ = {isa = PBXBuildFile; fileRef = ADCE03DF1C16787A00555686 /* PSCarWashTest.m */; };
		ADE3ABDD1BEA954900910782 /* PSString.c in Sources */ = {isa = PBXBuildFile; fileRef = ADE3ABDB1BEA954900910782 /* PSString.c */; };
		ADFA42221C3167B9000430D7 /* PSObjectExtensions.m in Sources */ = {isa = PBXBuildFile; fileRef = ADFA42211C3167B9000430D7 /* PSObjectExtensions.m */; };
/* End PBXBuildFile section */

/* Begin PBXCopyFilesBuildPhase section */
		AD5FEBED1BFA3EB100D8C067 /* CopyFiles */ = {
			isa = PBXCopyFilesBuildPhase;
			buildActionMask = 2147483647;
			dstPath = /usr/share/man/man1/;
			dstSubfolderSpec = 0;
			files = (
			);
			runOnlyForDeploymentPostprocessing = 1;
		};
		AD7CEACC1BB36C9300F2D042 /* CopyFiles */ = {
			isa = PBXCopyFilesBuildPhase;
			buildActionMask = 2147483647;
			dstPath = /usr/share/man/man1/;
			dstSubfolderSpec = 0;
			files = (
			);
			runOnlyForDeploymentPostprocessing = 1;
		};
/* End PBXCopyFilesBuildPhase section */

/* Begin PBXFileReference section */
		AD1047021BCC5A8A00A990DB /* PSMethodReturnValueTest.c */ = {isa = PBXFileReference; fileEncoding = 4; lastKnownFileType = sourcecode.c.c; path = PSMethodReturnValueTest.c; sourceTree = "<group>"; };
		AD1047031BCC5A8A00A990DB /* PSMethodReturnValueTest.h */ = {isa = PBXFileReference; fileEncoding = 4; lastKnownFileType = sourcecode.c.h; path = PSMethodReturnValueTest.h; sourceTree = "<group>"; };
		AD10646E1BD8A42A00A38EEE /* PSPrintValueOfPrimitiveType.h */ = {isa = PBXFileReference; lastKnownFileType = sourcecode.c.h; path = PSPrintValueOfPrimitiveType.h; sourceTree = "<group>"; };
		AD1064701BD8A7E100A38EEE /* PSPrintValueOfPrimitiveTypeTest.c */ = {isa = PBXFileReference; fileEncoding = 4; lastKnownFileType = sourcecode.c.c; path = PSPrintValueOfPrimitiveTypeTest.c; sourceTree = "<group>"; };
		AD1064711BD8A7E100A38EEE /* PSPrintValueOfPrimitiveTypeTest.h */ = {isa = PBXFileReference; fileEncoding = 4; lastKnownFileType = sourcecode.c.h; path = PSPrintValueOfPrimitiveTypeTest.h; sourceTree = "<group>"; };
		AD1064751BD8B2DA00A38EEE /* PSDataStructure.h */ = {isa = PBXFileReference; lastKnownFileType = sourcecode.c.h; path = PSDataStructure.h; sourceTree = "<group>"; };
		AD1064761BD901BB00A38EEE /* PSDataStructureTest.c */ = {isa = PBXFileReference; fileEncoding = 4; lastKnownFileType = sourcecode.c.c; path = PSDataStructureTest.c; sourceTree = "<group>"; };
		AD1064771BD901BB00A38EEE /* PSDataStructureTest.h */ = {isa = PBXFileReference; fileEncoding = 4; lastKnownFileType = sourcecode.c.h; path = PSDataStructureTest.h; sourceTree = "<group>"; };
		AD188A851C15FD75003C8E9C /* PSCarWashEnterprise.h */ = {isa = PBXFileReference; fileEncoding = 4; lastKnownFileType = sourcecode.c.h; path = PSCarWashEnterprise.h; sourceTree = "<group>"; };
		AD188A861C15FD75003C8E9C /* PSCarWashEnterprise.m */ = {isa = PBXFileReference; fileEncoding = 4; lastKnownFileType = sourcecode.c.objc; path = PSCarWashEnterprise.m; sourceTree = "<group>"; };
		AD188A881C15FDFF003C8E9C /* PSCar.h */ = {isa = PBXFileReference; fileEncoding = 4; lastKnownFileType = sourcecode.c.h; path = PSCar.h; sourceTree = "<group>"; };
		AD188A891C15FDFF003C8E9C /* PSCar.m */ = {isa = PBXFileReference; fileEncoding = 4; lastKnownFileType = sourcecode.c.objc; path = PSCar.m; sourceTree = "<group>"; };
		AD188A911C15FECA003C8E9C /* PSWorkers.h */ = {isa = PBXFileReference; fileEncoding = 4; lastKnownFileType = sourcecode.c.h; path = PSWorkers.h; sourceTree = "<group>"; };
		AD188A921C15FECA003C8E9C /* PSWorkers.m */ = {isa = PBXFileReference; fileEncoding = 4; lastKnownFileType = sourcecode.c.objc; path = PSWorkers.m; sourceTree = "<group>"; };
		AD188A941C15FEE1003C8E9C /* PSDirector.h */ = {isa = PBXFileReference; fileEncoding = 4; lastKnownFileType = sourcecode.c.h; path = PSDirector.h; sourceTree = "<group>"; };
		AD188A951C15FEE1003C8E9C /* PSDirector.m */ = {isa = PBXFileReference; fileEncoding = 4; lastKnownFileType = sourcecode.c.objc; path = PSDirector.m; sourceTree = "<group>"; };
		AD188A971C15FEF6003C8E9C /* PSAccountant.h */ = {isa = PBXFileReference; fileEncoding = 4; lastKnownFileType = sourcecode.c.h; path = PSAccountant.h; sourceTree = "<group>"; };
		AD188A981C15FEF6003C8E9C /* PSAccountant.m */ = {isa = PBXFileReference; fileEncoding = 4; lastKnownFileType = sourcecode.c.objc; path = PSAccountant.m; sourceTree = "<group>"; };
		AD188A9A1C15FF0F003C8E9C /* PSWasher.h */ = {isa = PBXFileReference; fileEncoding = 4; lastKnownFileType = sourcecode.c.h; path = PSWasher.h; sourceTree = "<group>"; };
		AD188A9B1C15FF0F003C8E9C /* PSWasher.m */ = {isa = PBXFileReference; fileEncoding = 4; lastKnownFileType = sourcecode.c.objc; path = PSWasher.m; sourceTree = "<group>"; };
		AD20989A1C33048A0032DBB8 /* Plan */ = {isa = PBXFileReference; fileEncoding = 4; lastKnownFileType = text; path = Plan; sourceTree = "<group>"; };
		AD21515B1BC6B8010057F3A6 /* PSHuman.c */ = {isa = PBXFileReference; fileEncoding = 4; lastKnownFileType = sourcecode.c.c; path = PSHuman.c; sourceTree = "<group>"; };
		AD29E58B1C28313F00964872 /* PSMoneyProtocol.h */ = {isa = PBXFileReference; lastKnownFileType = sourcecode.c.h; path = PSMoneyProtocol.h; sourceTree = "<group>"; };
		AD4337D51BC2FDC700C450D7 /* PSHuman.h */ = {isa = PBXFileReference; fileEncoding = 4; lastKnownFileType = sourcecode.c.h; path = PSHuman.h; sourceTree = "<group>"; };
		AD5B5FDD1C283BE300BAAE34 /* PSObserverProtocol.h */ = {isa = PBXFileReference; lastKnownFileType = sourcecode.c.h; path = PSObserverProtocol.h; sourceTree = "<group>"; };
		AD5FEBEF1BFA3EB100D8C067 /* Ojective-C */ = {isa = PBXFileReference; explicitFileType = "compiled.mach-o.executable"; includeInIndex = 0; path = "Ojective-C"; sourceTree = BUILT_PRODUCTS_DIR; };
		AD5FEBF11BFA3EB100D8C067 /* main.m */ = {isa = PBXFileReference; lastKnownFileType = sourcecode.c.objc; path = main.m; sourceTree = "<group>"; };
		AD7CEACE1BB36C9300F2D042 /* Lenguage C */ = {isa = PBXFileReference; explicitFileType = "compiled.mach-o.executable"; includeInIndex = 0; path = "Lenguage C"; sourceTree = BUILT_PRODUCTS_DIR; };
		AD7CEAD11BB36C9300F2D042 /* main.c */ = {isa = PBXFileReference; lastKnownFileType = sourcecode.c.c; path = main.c; sourceTree = "<group>"; };
		AD81A8CF1C3AC64E006671F3 /* PSDispatcher.h */ = {isa = PBXFileReference; fileEncoding = 4; lastKnownFileType = sourcecode.c.h; path = PSDispatcher.h; sourceTree = "<group>"; };
		AD81A8D01C3AC64E006671F3 /* PSDispatcher.m */ = {isa = PBXFileReference; fileEncoding = 4; lastKnownFileType = sourcecode.c.objc; path = PSDispatcher.m; sourceTree = "<group>"; };
		AD83CB691BF3868D00FF6272 /* PSLinkedList.c */ = {isa = PBXFileReference; fileEncoding = 4; lastKnownFileType = sourcecode.c.c; path = PSLinkedList.c; sourceTree = "<group>"; };
		AD83CB6A1BF3868D00FF6272 /* PSLinkedList.h */ = {isa = PBXFileReference; fileEncoding = 4; lastKnownFileType = sourcecode.c.h; path = PSLinkedList.h; sourceTree = "<group>"; };
		AD83CB6D1BF3958400FF6272 /* PSLinkedListNode.c */ = {isa = PBXFileReference; fileEncoding = 4; lastKnownFileType = sourcecode.c.c; path = PSLinkedListNode.c; sourceTree = "<group>"; };
		AD83CB6E1BF3958400FF6272 /* PSLinkedListNode.h */ = {isa = PBXFileReference; fileEncoding = 4; lastKnownFileType = sourcecode.c.h; path = PSLinkedListNode.h; sourceTree = "<group>"; };
		AD8A7AEF1C2B83F20047CEF2 /* PSQueue.h */ = {isa = PBXFileReference; fileEncoding = 4; lastKnownFileType = sourcecode.c.h; path = PSQueue.h; sourceTree = "<group>"; };
		AD8A7AF01C2B83F20047CEF2 /* PSQueue.m */ = {isa = PBXFileReference; fileEncoding = 4; lastKnownFileType = sourcecode.c.objc; path = PSQueue.m; sourceTree = "<group>"; };
		AD90C2291BB455BE00800D14 /* PSDataTypeTest.c */ = {isa = PBXFileReference; fileEncoding = 4; lastKnownFileType = sourcecode.c.c; path = PSDataTypeTest.c; sourceTree = "<group>"; };
		AD90C22A1BB455BE00800D14 /* PSDataType.h */ = {isa = PBXFileReference; fileEncoding = 4; lastKnownFileType = sourcecode.c.h; path = PSDataType.h; sourceTree = "<group>"; };
		AD90C22C1BB4564E00800D14 /* PSMethodReturnValue.c */ = {isa = PBXFileReference; fileEncoding = 4; lastKnownFileType = sourcecode.c.c; path = PSMethodReturnValue.c; sourceTree = "<group>"; };
		AD90C22D1BB4564E00800D14 /* PSMethodReturnValue.h */ = {isa = PBXFileReference; fileEncoding = 4; lastKnownFileType = sourcecode.c.h; path = PSMethodReturnValue.h; sourceTree = "<group>"; };
		AD9A68D21BF15E18006CCC8C /* PSArray.c */ = {isa = PBXFileReference; fileEncoding = 4; lastKnownFileType = sourcecode.c.c; path = PSArray.c; sourceTree = "<group>"; };
		AD9A68D31BF15E18006CCC8C /* PSArray.h */ = {isa = PBXFileReference; fileEncoding = 4; lastKnownFileType = sourcecode.c.h; path = PSArray.h; sourceTree = "<group>"; };
		AD9CFD2B1C2ADFEE00DA5E58 /* PSObservableObject.h */ = {isa = PBXFileReference; fileEncoding = 4; lastKnownFileType = sourcecode.c.h; path = PSObservableObject.h; sourceTree = "<group>"; };
		AD9CFD2C1C2ADFEE00DA5E58 /* PSObservableObject.m */ = {isa = PBXFileReference; fileEncoding = 4; lastKnownFileType = sourcecode.c.objc; path = PSObservableObject.m; sourceTree = "<group>"; };
		AD9E018D1BCBDB41000AED45 /* PSDataTypeTest.h */ = {isa = PBXFileReference; fileEncoding = 4; lastKnownFileType = sourcecode.c.h; path = PSDataTypeTest.h; sourceTree = "<group>"; };
		ADA0384F1BDE6BA0007539C2 /* PSObject.c */ = {isa = PBXFileReference; fileEncoding = 4; lastKnownFileType = sourcecode.c.c; path = PSObject.c; sourceTree = "<group>"; };
		ADA038501BDE6BA0007539C2 /* PSObject.h */ = {isa = PBXFileReference; fileEncoding = 4; lastKnownFileType = sourcecode.c.h; path = PSObject.h; sourceTree = "<group>"; };
		ADAA6CD41BFF5050002A4A27 /* PSCreature.h */ = {isa = PBXFileReference; fileEncoding = 4; lastKnownFileType = sourcecode.c.h; path = PSCreature.h; sourceTree = "<group>"; };
		ADAA6CD51BFF5050002A4A27 /* PSCreature.m */ = {isa = PBXFileReference; fileEncoding = 4; lastKnownFileType = sourcecode.c.objc; path = PSCreature.m; sourceTree = "<group>"; };
		ADAE2CC21C47BCD800C16E9C /* PSWorkersPool.h */ = {isa = PBXFileReference; fileEncoding = 4; lastKnownFileType = sourcecode.c.h; path = PSWorkersPool.h; sourceTree = "<group>"; };
		ADAE2CC31C47BCD800C16E9C /* PSWorkersPool.m */ = {isa = PBXFileReference; fileEncoding = 4; lastKnownFileType = sourcecode.c.objc; path = PSWorkersPool.m; sourceTree = "<group>"; };
		ADCE03DA1C16756F00555686 /* PSCreatureTest.h */ = {isa = PBXFileReference; fileEncoding = 4; lastKnownFileType = sourcecode.c.h; path = PSCreatureTest.h; sourceTree = "<group>"; };
		ADCE03DB1C16756F00555686 /* PSCreatureTest.m */ = {isa = PBXFileReference; fileEncoding = 4; lastKnownFileType = sourcecode.c.objc; path = PSCreatureTest.m; sourceTree = "<group>"; };
		ADCE03DE1C16787A00555686 /* PSCarWashTest.h */ = {isa = PBXFileReference; fileEncoding = 4; lastKnownFileType = sourcecode.c.h; path = PSCarWashTest.h; sourceTree = "<group>"; };
		ADCE03DF1C16787A00555686 /* PSCarWashTest.m */ = {isa = PBXFileReference; fileEncoding = 4; lastKnownFileType = sourcecode.c.objc; path = PSCarWashTest.m; sourceTree = "<group>"; };
		ADE3ABDB1BEA954900910782 /* PSString.c */ = {isa = PBXFileReference; fileEncoding = 4; lastKnownFileType = sourcecode.c.c; name = PSString.c; path = "Language C/Source/PSSreing/PSString.c"; sourceTree = "<group>"; };
		ADE3ABDC1BEA954900910782 /* PSString.c */ = {isa = PBXFileReference; fileEncoding = 4; lastKnownFileType = sourcecode.c.c; name = PSString.c; path = "Language C/Source/PSSreing/PSString.c"; sourceTree = "<group>"; };
		ADECB22F1C2C69EA00B1A869 /* PrefixHeaderCarWash.pch */ = {isa = PBXFileReference; fileEncoding = 4; lastKnownFileType = sourcecode.c.h; path = PrefixHeaderCarWash.pch; sourceTree = "<group>"; };
		ADFA42201C3167B9000430D7 /* PSObjectExtensions.h */ = {isa = PBXFileReference; fileEncoding = 4; lastKnownFileType = sourcecode.c.h; path = PSObjectExtensions.h; sourceTree = "<group>"; };
		ADFA42211C3167B9000430D7 /* PSObjectExtensions.m */ = {isa = PBXFileReference; fileEncoding = 4; lastKnownFileType = sourcecode.c.objc; path = PSObjectExtensions.m; sourceTree = "<group>"; };
/* End PBXFileReference section */

/* Begin PBXFrameworksBuildPhase section */
		AD5FEBEC1BFA3EB100D8C067 /* Frameworks */ = {
			isa = PBXFrameworksBuildPhase;
			buildActionMask = 2147483647;
			files = (
			);
			runOnlyForDeploymentPostprocessing = 0;
		};
		AD7CEACB1BB36C9300F2D042 /* Frameworks */ = {
			isa = PBXFrameworksBuildPhase;
			buildActionMask = 2147483647;
			files = (
			);
			runOnlyForDeploymentPostprocessing = 0;
		};
/* End PBXFrameworksBuildPhase section */

/* Begin PBXGroup section */
		AD10646D1BD8A3AC00A38EEE /* PSPrintValueOfPrimitiveType */ = {
			isa = PBXGroup;
			children = (
				AD10646E1BD8A42A00A38EEE /* PSPrintValueOfPrimitiveType.h */,
			);
			path = PSPrintValueOfPrimitiveType;
			sourceTree = "<group>";
		};
		AD10646F1BD8A76500A38EEE /* PSPrintValueOfPrimitiveTypeTest */ = {
			isa = PBXGroup;
			children = (
				AD1064701BD8A7E100A38EEE /* PSPrintValueOfPrimitiveTypeTest.c */,
				AD1064711BD8A7E100A38EEE /* PSPrintValueOfPrimitiveTypeTest.h */,
			);
			path = PSPrintValueOfPrimitiveTypeTest;
			sourceTree = "<group>";
		};
		AD1064731BD8B1ED00A38EEE /* PSDataStructure */ = {
			isa = PBXGroup;
			children = (
				AD1064751BD8B2DA00A38EEE /* PSDataStructure.h */,
			);
			path = PSDataStructure;
			sourceTree = "<group>";
		};
		AD1064741BD8B21600A38EEE /* PSDataStructureTest */ = {
			isa = PBXGroup;
			children = (
				AD1064761BD901BB00A38EEE /* PSDataStructureTest.c */,
				AD1064771BD901BB00A38EEE /* PSDataStructureTest.h */,
			);
			path = PSDataStructureTest;
			sourceTree = "<group>";
		};
		AD171F731BFCEC14001F456B /* PSCreature */ = {
			isa = PBXGroup;
			children = (
				ADAA6CD41BFF5050002A4A27 /* PSCreature.h */,
				ADAA6CD51BFF5050002A4A27 /* PSCreature.m */,
			);
			path = PSCreature;
			sourceTree = "<group>";
		};
		AD188A761C15F44D003C8E9C /* PSCarWashEnterprise */ = {
			isa = PBXGroup;
			children = (
				AD81A8CE1C3AC603006671F3 /* PSDispatcher */,
				AD29E58A1C282C2600964872 /* PSProtocols */,
				AD188A7F1C15FB04003C8E9C /* PSCar */,
				AD188A7B1C15F9DB003C8E9C /* PSWorkers */,
				AD188A851C15FD75003C8E9C /* PSCarWashEnterprise.h */,
				AD188A861C15FD75003C8E9C /* PSCarWashEnterprise.m */,
				ADECB22F1C2C69EA00B1A869 /* PrefixHeaderCarWash.pch */,
			);
			path = PSCarWashEnterprise;
			sourceTree = "<group>";
		};
		AD188A7B1C15F9DB003C8E9C /* PSWorkers */ = {
			isa = PBXGroup;
			children = (
				ADAE2CC11C47BC9800C16E9C /* PSWorkersPool */,
				AD188A7E1C15FABE003C8E9C /* PSWasher */,
				AD188A7D1C15FA8F003C8E9C /* PSAccountant */,
				AD188A7C1C15FA34003C8E9C /* PSDirector */,
				AD188A911C15FECA003C8E9C /* PSWorkers.h */,
				AD188A921C15FECA003C8E9C /* PSWorkers.m */,
			);
			path = PSWorkers;
			sourceTree = "<group>";
		};
		AD188A7C1C15FA34003C8E9C /* PSDirector */ = {
			isa = PBXGroup;
			children = (
				AD188A941C15FEE1003C8E9C /* PSDirector.h */,
				AD188A951C15FEE1003C8E9C /* PSDirector.m */,
			);
			path = PSDirector;
			sourceTree = "<group>";
		};
		AD188A7D1C15FA8F003C8E9C /* PSAccountant */ = {
			isa = PBXGroup;
			children = (
				AD188A971C15FEF6003C8E9C /* PSAccountant.h */,
				AD188A981C15FEF6003C8E9C /* PSAccountant.m */,
			);
			path = PSAccountant;
			sourceTree = "<group>";
		};
		AD188A7E1C15FABE003C8E9C /* PSWasher */ = {
			isa = PBXGroup;
			children = (
				AD188A9A1C15FF0F003C8E9C /* PSWasher.h */,
				AD188A9B1C15FF0F003C8E9C /* PSWasher.m */,
			);
			path = PSWasher;
			sourceTree = "<group>";
		};
		AD188A7F1C15FB04003C8E9C /* PSCar */ = {
			isa = PBXGroup;
			children = (
				AD188A881C15FDFF003C8E9C /* PSCar.h */,
				AD188A891C15FDFF003C8E9C /* PSCar.m */,
			);
			path = PSCar;
			sourceTree = "<group>";
		};
		AD29E58A1C282C2600964872 /* PSProtocols */ = {
			isa = PBXGroup;
			children = (
				AD29E58B1C28313F00964872 /* PSMoneyProtocol.h */,
				AD5B5FDD1C283BE300BAAE34 /* PSObserverProtocol.h */,
			);
			path = PSProtocols;
			sourceTree = "<group>";
		};
		AD4337D31BC2FD3900C450D7 /* PSHuman */ = {
			isa = PBXGroup;
			children = (
				AD21515B1BC6B8010057F3A6 /* PSHuman.c */,
				AD4337D51BC2FDC700C450D7 /* PSHuman.h */,
			);
			path = PSHuman;
			sourceTree = "<group>";
		};
		AD5FEBF01BFA3EB100D8C067 /* Ojective-C */ = {
			isa = PBXGroup;
			children = (
				AD9CFD2E1C2B1D6B00DA5E58 /* Source */,
				ADAA6CD71BFF5CA3002A4A27 /* Test */,
			);
			path = "Ojective-C";
			sourceTree = "<group>";
		};
		AD7CEAC51BB36C9300F2D042 = {
			isa = PBXGroup;
			children = (
				AD20989A1C33048A0032DBB8 /* Plan */,
				AD7CEACF1BB36C9300F2D042 /* Products */,
				AD9CFD2F1C2B1FD700DA5E58 /* Language C */,
				AD5FEBF01BFA3EB100D8C067 /* Ojective-C */,
			);
			sourceTree = "<group>";
		};
		AD7CEACF1BB36C9300F2D042 /* Products */ = {
			isa = PBXGroup;
			children = (
				AD7CEACE1BB36C9300F2D042 /* Lenguage C */,
				AD5FEBEF1BFA3EB100D8C067 /* Ojective-C */,
			);
			name = Products;
			sourceTree = "<group>";
		};
		AD7CEAD01BB36C9300F2D042 /* Source */ = {
			isa = PBXGroup;
			children = (
				AD7CEAD11BB36C9300F2D042 /* main.c */,
				AD83CB681BF385FA00FF6272 /* PSLinkedList */,
				AD9A68D11BF15D90006CCC8C /* PSArray */,
				ADE3ABDA1BEA94CB00910782 /* PSString */,
				ADA0384E1BDE6B53007539C2 /* PSObject */,
				AD4337D31BC2FD3900C450D7 /* PSHuman */,
				AD1064731BD8B1ED00A38EEE /* PSDataStructure */,
				AD10646D1BD8A3AC00A38EEE /* PSPrintValueOfPrimitiveType */,
				AD7CEAD91BB36D2700F2D042 /* PSMethodReturnNumber */,
				AD7CEAD81BB36CF700F2D042 /* PSDataType */,
			);
			path = Source;
			sourceTree = "<group>";
		};
		AD7CEAD81BB36CF700F2D042 /* PSDataType */ = {
			isa = PBXGroup;
			children = (
				AD90C22A1BB455BE00800D14 /* PSDataType.h */,
			);
			path = PSDataType;
			sourceTree = "<group>";
		};
		AD7CEAD91BB36D2700F2D042 /* PSMethodReturnNumber */ = {
			isa = PBXGroup;
			children = (
				AD90C22C1BB4564E00800D14 /* PSMethodReturnValue.c */,
				AD90C22D1BB4564E00800D14 /* PSMethodReturnValue.h */,
			);
			name = PSMethodReturnNumber;
			path = PSMethodReturn;
			sourceTree = "<group>";
		};
		AD7CEADA1BB37CC600F2D042 /* Test */ = {
			isa = PBXGroup;
			children = (
				AD9E018C1BCBD09E000AED45 /* PSDataTypeTest */,
				AD7CEADC1BB37DC400F2D042 /* PSMethodReturnNumberTest */,
				AD10646F1BD8A76500A38EEE /* PSPrintValueOfPrimitiveTypeTest */,
				AD1064741BD8B21600A38EEE /* PSDataStructureTest */,
			);
			path = Test;
			sourceTree = "<group>";
		};
		AD7CEADC1BB37DC400F2D042 /* PSMethodReturnNumberTest */ = {
			isa = PBXGroup;
			children = (
				AD1047021BCC5A8A00A990DB /* PSMethodReturnValueTest.c */,
				AD1047031BCC5A8A00A990DB /* PSMethodReturnValueTest.h */,
			);
			name = PSMethodReturnNumberTest;
			path = PSMethodReturnTest;
			sourceTree = "<group>";
		};
		AD81A8CE1C3AC603006671F3 /* PSDispatcher */ = {
			isa = PBXGroup;
			children = (
				AD81A8CF1C3AC64E006671F3 /* PSDispatcher.h */,
				AD81A8D01C3AC64E006671F3 /* PSDispatcher.m */,
			);
			path = PSDispatcher;
			sourceTree = "<group>";
		};
		AD83CB681BF385FA00FF6272 /* PSLinkedList */ = {
			isa = PBXGroup;
			children = (
				AD83CB6C1BF3953A00FF6272 /* PSLinkedListNode */,
				AD83CB691BF3868D00FF6272 /* PSLinkedList.c */,
				AD83CB6A1BF3868D00FF6272 /* PSLinkedList.h */,
			);
			path = PSLinkedList;
			sourceTree = "<group>";
		};
		AD83CB6C1BF3953A00FF6272 /* PSLinkedListNode */ = {
			isa = PBXGroup;
			children = (
				AD83CB6D1BF3958400FF6272 /* PSLinkedListNode.c */,
				AD83CB6E1BF3958400FF6272 /* PSLinkedListNode.h */,
			);
			path = PSLinkedListNode;
			sourceTree = "<group>";
		};
		AD8A7AEE1C2B83BE0047CEF2 /* PSQueue */ = {
			isa = PBXGroup;
			children = (
				AD8A7AEF1C2B83F20047CEF2 /* PSQueue.h */,
				AD8A7AF01C2B83F20047CEF2 /* PSQueue.m */,
			);
			path = PSQueue;
			sourceTree = "<group>";
		};
		AD9A68D11BF15D90006CCC8C /* PSArray */ = {
			isa = PBXGroup;
			children = (
				AD9A68D21BF15E18006CCC8C /* PSArray.c */,
				AD9A68D31BF15E18006CCC8C /* PSArray.h */,
			);
			path = PSArray;
			sourceTree = "<group>";
		};
		AD9CFD2A1C2ADF8D00DA5E58 /* PSObservableObject */ = {
			isa = PBXGroup;
			children = (
				AD9CFD2B1C2ADFEE00DA5E58 /* PSObservableObject.h */,
				AD9CFD2C1C2ADFEE00DA5E58 /* PSObservableObject.m */,
			);
			path = PSObservableObject;
			sourceTree = "<group>";
		};
		AD9CFD2E1C2B1D6B00DA5E58 /* Source */ = {
			isa = PBXGroup;
			children = (
				ADFA421F1C31638C000430D7 /* PSObjectExtensions */,
				AD8A7AEE1C2B83BE0047CEF2 /* PSQueue */,
				AD9CFD2A1C2ADF8D00DA5E58 /* PSObservableObject */,
				AD188A761C15F44D003C8E9C /* PSCarWashEnterprise */,
				AD171F731BFCEC14001F456B /* PSCreature */,
				AD5FEBF11BFA3EB100D8C067 /* main.m */,
			);
			path = Source;
			sourceTree = "<group>";
		};
		AD9CFD2F1C2B1FD700DA5E58 /* Language C */ = {
			isa = PBXGroup;
			children = (
				AD7CEAD01BB36C9300F2D042 /* Source */,
				AD7CEADA1BB37CC600F2D042 /* Test */,
			);
			path = "Language C";
			sourceTree = "<group>";
		};
		AD9E018C1BCBD09E000AED45 /* PSDataTypeTest */ = {
			isa = PBXGroup;
			children = (
				AD90C2291BB455BE00800D14 /* PSDataTypeTest.c */,
				AD9E018D1BCBDB41000AED45 /* PSDataTypeTest.h */,
			);
			path = PSDataTypeTest;
			sourceTree = "<group>";
		};
		ADA0384E1BDE6B53007539C2 /* PSObject */ = {
			isa = PBXGroup;
			children = (
				ADA0384F1BDE6BA0007539C2 /* PSObject.c */,
				ADA038501BDE6BA0007539C2 /* PSObject.h */,
			);
			path = PSObject;
			sourceTree = "<group>";
		};
		ADAA6CD71BFF5CA3002A4A27 /* Test */ = {
			isa = PBXGroup;
			children = (
				ADCE03DD1C16783F00555686 /* PSCarWashTest */,
				ADCE03D91C16734C00555686 /* PSCreatureTest */,
			);
			path = Test;
			sourceTree = "<group>";
		};
		ADAE2CC11C47BC9800C16E9C /* PSWorkersPool */ = {
			isa = PBXGroup;
			children = (
				ADAE2CC21C47BCD800C16E9C /* PSWorkersPool.h */,
				ADAE2CC31C47BCD800C16E9C /* PSWorkersPool.m */,
			);
			name = PSWorkersPool;
			path = "Ojective-C/Source/PSCarWashEnterprise/PSWorkers/PSWorkersPool";
			sourceTree = SOURCE_ROOT;
		};
		ADCE03D91C16734C00555686 /* PSCreatureTest */ = {
			isa = PBXGroup;
			children = (
				ADCE03DA1C16756F00555686 /* PSCreatureTest.h */,
				ADCE03DB1C16756F00555686 /* PSCreatureTest.m */,
			);
			path = PSCreatureTest;
			sourceTree = "<group>";
		};
		ADCE03DD1C16783F00555686 /* PSCarWashTest */ = {
			isa = PBXGroup;
			children = (
				ADCE03DE1C16787A00555686 /* PSCarWashTest.h */,
				ADCE03DF1C16787A00555686 /* PSCarWashTest.m */,
			);
			path = PSCarWashTest;
			sourceTree = "<group>";
		};
		ADE3ABDA1BEA94CB00910782 /* PSString */ = {
			isa = PBXGroup;
			children = (
				ADE3ABDB1BEA954900910782 /* PSString.c */,
				ADE3ABDC1BEA954900910782 /* PSString.c */,
			);
			path = PSString;
			sourceTree = "<group>";
		};
		ADFA421F1C31638C000430D7 /* PSObjectExtensions */ = {
			isa = PBXGroup;
			children = (
				ADFA42201C3167B9000430D7 /* PSObjectExtensions.h */,
				ADFA42211C3167B9000430D7 /* PSObjectExtensions.m */,
			);
			path = PSObjectExtensions;
			sourceTree = "<group>";
		};
/* End PBXGroup section */

/* Begin PBXNativeTarget section */
		AD5FEBEE1BFA3EB100D8C067 /* Ojective-C */ = {
			isa = PBXNativeTarget;
			buildConfigurationList = AD5FEBF51BFA3EB100D8C067 /* Build configuration list for PBXNativeTarget "Ojective-C" */;
			buildPhases = (
				AD5FEBEB1BFA3EB100D8C067 /* Sources */,
				AD5FEBEC1BFA3EB100D8C067 /* Frameworks */,
				AD5FEBED1BFA3EB100D8C067 /* CopyFiles */,
			);
			buildRules = (
			);
			dependencies = (
			);
			name = "Ojective-C";
			productName = "Ojective-C";
			productReference = AD5FEBEF1BFA3EB100D8C067 /* Ojective-C */;
			productType = "com.apple.product-type.tool";
		};
		AD7CEACD1BB36C9300F2D042 /* Lenguage C */ = {
			isa = PBXNativeTarget;
			buildConfigurationList = AD7CEAD51BB36C9300F2D042 /* Build configuration list for PBXNativeTarget "Lenguage C" */;
			buildPhases = (
				AD7CEACA1BB36C9300F2D042 /* Sources */,
				AD7CEACB1BB36C9300F2D042 /* Frameworks */,
				AD7CEACC1BB36C9300F2D042 /* CopyFiles */,
			);
			buildRules = (
			);
			dependencies = (
			);
			name = "Lenguage C";
			productName = PSTrainingProject;
			productReference = AD7CEACE1BB36C9300F2D042 /* Lenguage C */;
			productType = "com.apple.product-type.tool";
		};
/* End PBXNativeTarget section */

/* Begin PBXProject section */
		AD7CEAC61BB36C9300F2D042 /* Project object */ = {
			isa = PBXProject;
			attributes = {
				CLASSPREFIX = PS;
				LastUpgradeCheck = 0700;
				ORGANIZATIONNAME = "Сергей";
				TargetAttributes = {
					AD5FEBEE1BFA3EB100D8C067 = {
						CreatedOnToolsVersion = 7.1.1;
					};
					AD7CEACD1BB36C9300F2D042 = {
						CreatedOnToolsVersion = 7.0;
					};
				};
			};
			buildConfigurationList = AD7CEAC91BB36C9300F2D042 /* Build configuration list for PBXProject "PSTrainingProject" */;
			compatibilityVersion = "Xcode 3.2";
			developmentRegion = English;
			hasScannedForEncodings = 0;
			knownRegions = (
				en,
			);
			mainGroup = AD7CEAC51BB36C9300F2D042;
			productRefGroup = AD7CEACF1BB36C9300F2D042 /* Products */;
			projectDirPath = "";
			projectRoot = "";
			targets = (
				AD7CEACD1BB36C9300F2D042 /* Lenguage C */,
				AD5FEBEE1BFA3EB100D8C067 /* Ojective-C */,
			);
		};
/* End PBXProject section */

/* Begin PBXSourcesBuildPhase section */
		AD5FEBEB1BFA3EB100D8C067 /* Sources */ = {
			isa = PBXSourcesBuildPhase;
			buildActionMask = 2147483647;
			files = (
				ADAA6CD61BFF5050002A4A27 /* PSCreature.m in Sources */,
				ADFA42221C3167B9000430D7 /* PSObjectExtensions.m in Sources */,
				AD188A9C1C15FF0F003C8E9C /* PSWasher.m in Sources */,
				AD188A991C15FEF6003C8E9C /* PSAccountant.m in Sources */,
				AD188A871C15FD75003C8E9C /* PSCarWashEnterprise.m in Sources */,
				ADAE2CC41C47BCD800C16E9C /* PSWorkersPool.m in Sources */,
				AD8A7AF11C2B83F20047CEF2 /* PSQueue.m in Sources */,
				ADCE03E01C16787A00555686 /* PSCarWashTest.m in Sources */,
				AD9CFD2D1C2ADFEE00DA5E58 /* PSObservableObject.m in Sources */,
				AD188A961C15FEE1003C8E9C /* PSDirector.m in Sources */,
				AD81A8D11C3AC64E006671F3 /* PSDispatcher.m in Sources */,
				ADCE03DC1C16756F00555686 /* PSCreatureTest.m in Sources */,
				AD5FEBF21BFA3EB100D8C067 /* main.m in Sources */,
				AD188A931C15FECA003C8E9C /* PSWorkers.m in Sources */,
				AD188A8A1C15FDFF003C8E9C /* PSCar.m in Sources */,
			);
			runOnlyForDeploymentPostprocessing = 0;
		};
		AD7CEACA1BB36C9300F2D042 /* Sources */ = {
			isa = PBXSourcesBuildPhase;
			buildActionMask = 2147483647;
			files = (
				AD9A68D41BF15E18006CCC8C /* PSArray.c in Sources */,
				AD1047041BCC5A8A00A990DB /* PSMethodReturnValueTest.c in Sources */,
				AD83CB6B1BF3868D00FF6272 /* PSLinkedList.c in Sources */,
				AD83CB6F1BF3958400FF6272 /* PSLinkedListNode.c in Sources */,
				AD1064721BD8A7E100A38EEE /* PSPrintValueOfPrimitiveTypeTest.c in Sources */,
				AD90C22E1BB4564E00800D14 /* PSMethodReturnValue.c in Sources */,
				ADE3ABDD1BEA954900910782 /* PSString.c in Sources */,
				AD1064781BD901BB00A38EEE /* PSDataStructureTest.c in Sources */,
				AD7CEAD21BB36C9300F2D042 /* main.c in Sources */,
				ADA038511BDE6BA0007539C2 /* PSObject.c in Sources */,
				AD21515C1BC6B8010057F3A6 /* PSHuman.c in Sources */,
				AD90C22B1BB455BE00800D14 /* PSDataTypeTest.c in Sources */,
			);
			runOnlyForDeploymentPostprocessing = 0;
		};
/* End PBXSourcesBuildPhase section */

/* Begin XCBuildConfiguration section */
		AD5FEBF31BFA3EB100D8C067 /* Debug */ = {
			isa = XCBuildConfiguration;
			buildSettings = {
				CLANG_ENABLE_OBJC_ARC = NO;
				CODE_SIGN_IDENTITY = "-";
				GCC_PREFIX_HEADER = "/Users/serg-bob/Documents/My project/PSTrainingProject/Ojective-C/Source/PSCarWashEnterprise/PrefixHeaderCarWash.pch";
				MACOSX_DEPLOYMENT_TARGET = 10.11;
				PRODUCT_NAME = "$(TARGET_NAME)";
			};
			name = Debug;
		};
		AD5FEBF41BFA3EB100D8C067 /* Release */ = {
			isa = XCBuildConfiguration;
			buildSettings = {
				CLANG_ENABLE_OBJC_ARC = NO;
				CODE_SIGN_IDENTITY = "-";
				GCC_PREFIX_HEADER = "/Users/serg-bob/Documents/My project/PSTrainingProject/Ojective-C/Source/PSCarWashEnterprise/PrefixHeaderCarWash.pch";
				MACOSX_DEPLOYMENT_TARGET = 10.11;
				PRODUCT_NAME = "$(TARGET_NAME)";
			};
			name = Release;
		};
		AD7CEAD31BB36C9300F2D042 /* Debug */ = {
			isa = XCBuildConfiguration;
			buildSettings = {
				ALWAYS_SEARCH_USER_PATHS = NO;
				CLANG_CXX_LANGUAGE_STANDARD = "gnu++0x";
				CLANG_CXX_LIBRARY = "libc++";
				CLANG_ENABLE_MODULES = YES;
				CLANG_ENABLE_OBJC_ARC = YES;
				CLANG_WARN_BOOL_CONVERSION = YES;
				CLANG_WARN_CONSTANT_CONVERSION = YES;
				CLANG_WARN_DIRECT_OBJC_ISA_USAGE = YES_ERROR;
				CLANG_WARN_EMPTY_BODY = YES;
				CLANG_WARN_ENUM_CONVERSION = YES;
				CLANG_WARN_INT_CONVERSION = YES;
				CLANG_WARN_OBJC_ROOT_CLASS = YES_ERROR;
				CLANG_WARN_UNREACHABLE_CODE = YES;
				CLANG_WARN__DUPLICATE_METHOD_MATCH = YES;
				COPY_PHASE_STRIP = NO;
				DEBUG_INFORMATION_FORMAT = dwarf;
				ENABLE_STRICT_OBJC_MSGSEND = YES;
				ENABLE_TESTABILITY = YES;
				GCC_C_LANGUAGE_STANDARD = gnu99;
				GCC_DYNAMIC_NO_PIC = NO;
				GCC_NO_COMMON_BLOCKS = YES;
				GCC_OPTIMIZATION_LEVEL = 0;
				GCC_PREPROCESSOR_DEFINITIONS = (
					"DEBUG=1",
					"$(inherited)",
				);
				GCC_WARN_64_TO_32_BIT_CONVERSION = YES;
				GCC_WARN_ABOUT_RETURN_TYPE = YES_ERROR;
				GCC_WARN_UNDECLARED_SELECTOR = YES;
				GCC_WARN_UNINITIALIZED_AUTOS = YES_AGGRESSIVE;
				GCC_WARN_UNUSED_FUNCTION = YES;
				GCC_WARN_UNUSED_VARIABLE = YES;
				MACOSX_DEPLOYMENT_TARGET = 10.10;
				MTL_ENABLE_DEBUG_INFO = YES;
				ONLY_ACTIVE_ARCH = YES;
				SDKROOT = macosx;
			};
			name = Debug;
		};
		AD7CEAD41BB36C9300F2D042 /* Release */ = {
			isa = XCBuildConfiguration;
			buildSettings = {
				ALWAYS_SEARCH_USER_PATHS = NO;
				CLANG_CXX_LANGUAGE_STANDARD = "gnu++0x";
				CLANG_CXX_LIBRARY = "libc++";
				CLANG_ENABLE_MODULES = YES;
				CLANG_ENABLE_OBJC_ARC = YES;
				CLANG_WARN_BOOL_CONVERSION = YES;
				CLANG_WARN_CONSTANT_CONVERSION = YES;
				CLANG_WARN_DIRECT_OBJC_ISA_USAGE = YES_ERROR;
				CLANG_WARN_EMPTY_BODY = YES;
				CLANG_WARN_ENUM_CONVERSION = YES;
				CLANG_WARN_INT_CONVERSION = YES;
				CLANG_WARN_OBJC_ROOT_CLASS = YES_ERROR;
				CLANG_WARN_UNREACHABLE_CODE = YES;
				CLANG_WARN__DUPLICATE_METHOD_MATCH = YES;
				COPY_PHASE_STRIP = NO;
				DEBUG_INFORMATION_FORMAT = "dwarf-with-dsym";
				ENABLE_NS_ASSERTIONS = NO;
				ENABLE_STRICT_OBJC_MSGSEND = YES;
				GCC_C_LANGUAGE_STANDARD = gnu99;
				GCC_NO_COMMON_BLOCKS = YES;
				GCC_WARN_64_TO_32_BIT_CONVERSION = YES;
				GCC_WARN_ABOUT_RETURN_TYPE = YES_ERROR;
				GCC_WARN_UNDECLARED_SELECTOR = YES;
				GCC_WARN_UNINITIALIZED_AUTOS = YES_AGGRESSIVE;
				GCC_WARN_UNUSED_FUNCTION = YES;
				GCC_WARN_UNUSED_VARIABLE = YES;
				MACOSX_DEPLOYMENT_TARGET = 10.10;
				MTL_ENABLE_DEBUG_INFO = NO;
				SDKROOT = macosx;
			};
			name = Release;
		};
		AD7CEAD61BB36C9300F2D042 /* Debug */ = {
			isa = XCBuildConfiguration;
			buildSettings = {
				PRODUCT_NAME = "$(TARGET_NAME)";
			};
			name = Debug;
		};
		AD7CEAD71BB36C9300F2D042 /* Release */ = {
			isa = XCBuildConfiguration;
			buildSettings = {
				PRODUCT_NAME = "$(TARGET_NAME)";
			};
			name = Release;
		};
/* End XCBuildConfiguration section */

/* Begin XCConfigurationList section */
		AD5FEBF51BFA3EB100D8C067 /* Build configuration list for PBXNativeTarget "Ojective-C" */ = {
			isa = XCConfigurationList;
			buildConfigurations = (
				AD5FEBF31BFA3EB100D8C067 /* Debug */,
				AD5FEBF41BFA3EB100D8C067 /* Release */,
			);
			defaultConfigurationIsVisible = 0;
			defaultConfigurationName = Release;
		};
		AD7CEAC91BB36C9300F2D042 /* Build configuration list for PBXProject "PSTrainingProject" */ = {
			isa = XCConfigurationList;
			buildConfigurations = (
				AD7CEAD31BB36C9300F2D042 /* Debug */,
				AD7CEAD41BB36C9300F2D042 /* Release */,
			);
			defaultConfigurationIsVisible = 0;
			defaultConfigurationName = Release;
		};
		AD7CEAD51BB36C9300F2D042 /* Build configuration list for PBXNativeTarget "Lenguage C" */ = {
			isa = XCConfigurationList;
			buildConfigurations = (
				AD7CEAD61BB36C9300F2D042 /* Debug */,
				AD7CEAD71BB36C9300F2D042 /* Release */,
			);
			defaultConfigurationIsVisible = 0;
			defaultConfigurationName = Release;
		};
/* End XCConfigurationList section */
	};
	rootObject = AD7CEAC61BB36C9300F2D042 /* Project object */;
}
