// !$*UTF8*$!
{
	archiveVersion = 1;
	classes = {
	};
	objectVersion = 46;
	objects = {

/* Begin PBXBuildFile section */
		AD0501591C7B8E6500EF3116 /* PSUser.m in Sources */ = {isa = PBXBuildFile; fileRef = AD0501581C7B8E6500EF3116 /* PSUser.m */; };
		AD05015D1C7B907B00EF3116 /* NSString+PSExtensions.m in Sources */ = {isa = PBXBuildFile; fileRef = AD05015C1C7B907B00EF3116 /* NSString+PSExtensions.m */; };
		AD1453921C724776002435BB /* PSSquareView.m in Sources */ = {isa = PBXBuildFile; fileRef = AD1453911C724776002435BB /* PSSquareView.m */; };
		AD1EBB3E1C89D82F0059AB30 /* PSModel.m in Sources */ = {isa = PBXBuildFile; fileRef = AD1EBB3D1C89D82F0059AB30 /* PSModel.m */; };
		AD1F42C31C9C524000965B88 /* PSImageView.m in Sources */ = {isa = PBXBuildFile; fileRef = AD1F42C21C9C524000965B88 /* PSImageView.m */; };
		AD3017DC1C623DD3000344A3 /* main.m in Sources */ = {isa = PBXBuildFile; fileRef = AD3017DB1C623DD3000344A3 /* main.m */; };
		AD3017DF1C623DD3000344A3 /* PSAppDelegate.m in Sources */ = {isa = PBXBuildFile; fileRef = AD3017DE1C623DD3000344A3 /* PSAppDelegate.m */; };
		AD3017E51C623DD4000344A3 /* Main.storyboard in Resources */ = {isa = PBXBuildFile; fileRef = AD3017E31C623DD4000344A3 /* Main.storyboard */; };
		AD3017E71C623DD4000344A3 /* Assets.xcassets in Resources */ = {isa = PBXBuildFile; fileRef = AD3017E61C623DD4000344A3 /* Assets.xcassets */; };
		AD3017EA1C623DD4000344A3 /* LaunchScreen.storyboard in Resources */ = {isa = PBXBuildFile; fileRef = AD3017E81C623DD4000344A3 /* LaunchScreen.storyboard */; };
		AD39187C1C734E930077C246 /* UIWindow+PSExtensions.m in Sources */ = {isa = PBXBuildFile; fileRef = AD3918791C734E930077C246 /* UIWindow+PSExtensions.m */; };
		AD5526B71C7600FE00D6404B /* CGGeometry+PSExtensions.m in Sources */ = {isa = PBXBuildFile; fileRef = AD5526B61C7600FE00D6404B /* CGGeometry+PSExtensions.m */; };
		AD5526CF1C76337E00D6404B /* PSUsersView.m in Sources */ = {isa = PBXBuildFile; fileRef = AD5526CB1C76337E00D6404B /* PSUsersView.m */; };
		AD5526D01C76337E00D6404B /* PSUsersViewController.m in Sources */ = {isa = PBXBuildFile; fileRef = AD5526CD1C76337E00D6404B /* PSUsersViewController.m */; };
		AD5526D11C76337E00D6404B /* PSUsersViewController.xib in Resources */ = {isa = PBXBuildFile; fileRef = AD5526CE1C76337E00D6404B /* PSUsersViewController.xib */; };
		AD7233F51C8862E6005FABD1 /* PSArrayChangesModel+PSArray.m in Sources */ = {isa = PBXBuildFile; fileRef = AD7233F41C8862E6005FABD1 /* PSArrayChangesModel+PSArray.m */; };
		AD7233FB1C8875AA005FABD1 /* PSArrayChangesModel+UITableView.m in Sources */ = {isa = PBXBuildFile; fileRef = AD7233FA1C8875AA005FABD1 /* PSArrayChangesModel+UITableView.m */; };
		AD7233FF1C887743005FABD1 /* NSIndexPath+PSExtensions.m in Sources */ = {isa = PBXBuildFile; fileRef = AD7233FE1C887743005FABD1 /* NSIndexPath+PSExtensions.m */; };
		AD7234041C887E25005FABD1 /* UITableView+PSArrayChangesModel.m in Sources */ = {isa = PBXBuildFile; fileRef = AD7234031C887E25005FABD1 /* UITableView+PSArrayChangesModel.m */; };
		AD7234081C88BC30005FABD1 /* PSArrayIndexChangesModel.m in Sources */ = {isa = PBXBuildFile; fileRef = AD7234071C88BC30005FABD1 /* PSArrayIndexChangesModel.m */; };
		AD72340C1C88C1A4005FABD1 /* PSArrayDoubleIndexChangesModel.m in Sources */ = {isa = PBXBuildFile; fileRef = AD72340B1C88C1A4005FABD1 /* PSArrayDoubleIndexChangesModel.m */; };
		AD7234101C88F3B1005FABD1 /* PSArrayIndexChangesModel+UITableView.m in Sources */ = {isa = PBXBuildFile; fileRef = AD72340F1C88F3B1005FABD1 /* PSArrayIndexChangesModel+UITableView.m */; };
		AD7234141C88F63F005FABD1 /* PSArrayDoubleIndexChangesModel+UITableView.m in Sources */ = {isa = PBXBuildFile; fileRef = AD7234131C88F63F005FABD1 /* PSArrayDoubleIndexChangesModel+UITableView.m */; };
		AD7E00D41C903C8100B62417 /* PSUserCell.m in Sources */ = {isa = PBXBuildFile; fileRef = AD7E00D31C903C8100B62417 /* PSUserCell.m */; };
		AD7E00D81C903D3900B62417 /* PSLoadingView.m in Sources */ = {isa = PBXBuildFile; fileRef = AD7E00D61C903D3900B62417 /* PSLoadingView.m */; };
		AD7E00D91C903D3900B62417 /* PSLoadingView.xib in Resources */ = {isa = PBXBuildFile; fileRef = AD7E00D71C903D3900B62417 /* PSLoadingView.xib */; };
		AD7E00DD1C9047CF00B62417 /* PSView.m in Sources */ = {isa = PBXBuildFile; fileRef = AD7E00DC1C9047CF00B62417 /* PSView.m */; };
		ADA5832F1C7F687200A53DDD /* PSArray.m in Sources */ = {isa = PBXBuildFile; fileRef = ADA5832E1C7F687200A53DDD /* PSArray.m */; };
		ADA583371C7FDBB000A53DDD /* PSUserCell.xib in Resources */ = {isa = PBXBuildFile; fileRef = ADA583351C7FDBB000A53DDD /* PSUserCell.xib */; };
		ADA5833C1C7FE0C700A53DDD /* PSObservableObject.m in Sources */ = {isa = PBXBuildFile; fileRef = ADA5833B1C7FE0C700A53DDD /* PSObservableObject.m */; };
		ADA583411C7FE49C00A53DDD /* PSReference.m in Sources */ = {isa = PBXBuildFile; fileRef = ADA583401C7FE49C00A53DDD /* PSReference.m */; };
		ADA583451C7FE4BD00A53DDD /* PSAssignReference.m in Sources */ = {isa = PBXBuildFile; fileRef = ADA583441C7FE4BD00A53DDD /* PSAssignReference.m */; };
		ADAB37AC1C98552400CECAEE /* PSDispatch.m in Sources */ = {isa = PBXBuildFile; fileRef = ADAB37AB1C98552400CECAEE /* PSDispatch.m */; };
		ADAC99841C8614D100D689D6 /* PSArrayChangesModel.m in Sources */ = {isa = PBXBuildFile; fileRef = ADAC99831C8614D100D689D6 /* PSArrayChangesModel.m */; };
		ADD69ECE1C6CFD6600B50A0F /* PSSquareViewController.m in Sources */ = {isa = PBXBuildFile; fileRef = ADD69ECC1C6CFD6600B50A0F /* PSSquareViewController.m */; };
		ADD69ECF1C6CFD6600B50A0F /* PSSquareViewController.xib in Resources */ = {isa = PBXBuildFile; fileRef = ADD69ECD1C6CFD6600B50A0F /* PSSquareViewController.xib */; };
		ADD97B781C7CAB2800E4914B /* Apple_core.png in Resources */ = {isa = PBXBuildFile; fileRef = ADD97B771C7CAB2800E4914B /* Apple_core.png */; };
		ADD97B7B1C7CD65E00E4914B /* PSUsers.m in Sources */ = {isa = PBXBuildFile; fileRef = ADD97B7A1C7CD65E00E4914B /* PSUsers.m */; };
		ADEEF6D31C8493D2007188B9 /* UINib+PSExtensions.m in Sources */ = {isa = PBXBuildFile; fileRef = ADEEF6D21C8493D2007188B9 /* UINib+PSExtensions.m */; };
		ADEEF6D81C849440007188B9 /* UITableView+PSExtensions.m in Sources */ = {isa = PBXBuildFile; fileRef = ADEEF6D71C849440007188B9 /* UITableView+PSExtensions.m */; };
		ADF89CC11CA00FD900993F33 /* PSImageModel.m in Sources */ = {isa = PBXBuildFile; fileRef = ADF89CC01CA00FD900993F33 /* PSImageModel.m */; };
		ADF89CC51CA0744C00993F33 /* PSCache.m in Sources */ = {isa = PBXBuildFile; fileRef = ADF89CC41CA0744C00993F33 /* PSCache.m */; };
		ADF89CC91CA0DAEE00993F33 /* NSFileManager+PSExtensions.m in Sources */ = {isa = PBXBuildFile; fileRef = ADF89CC81CA0DAEE00993F33 /* NSFileManager+PSExtensions.m */; };
/* End PBXBuildFile section */

/* Begin PBXFileReference section */
		AD0501571C7B8E6500EF3116 /* PSUser.h */ = {isa = PBXFileReference; fileEncoding = 4; lastKnownFileType = sourcecode.c.h; path = PSUser.h; sourceTree = "<group>"; };
		AD0501581C7B8E6500EF3116 /* PSUser.m */ = {isa = PBXFileReference; fileEncoding = 4; lastKnownFileType = sourcecode.c.objc; path = PSUser.m; sourceTree = "<group>"; };
		AD05015B1C7B907B00EF3116 /* NSString+PSExtensions.h */ = {isa = PBXFileReference; fileEncoding = 4; lastKnownFileType = sourcecode.c.h; path = "NSString+PSExtensions.h"; sourceTree = "<group>"; };
		AD05015C1C7B907B00EF3116 /* NSString+PSExtensions.m */ = {isa = PBXFileReference; fileEncoding = 4; lastKnownFileType = sourcecode.c.objc; path = "NSString+PSExtensions.m"; sourceTree = "<group>"; };
		AD14538F1C723D20002435BB /* PrefixHeader.pch */ = {isa = PBXFileReference; fileEncoding = 4; lastKnownFileType = sourcecode.c.h; path = PrefixHeader.pch; sourceTree = "<group>"; };
		AD1453901C724776002435BB /* PSSquareView.h */ = {isa = PBXFileReference; fileEncoding = 4; lastKnownFileType = sourcecode.c.h; path = PSSquareView.h; sourceTree = "<group>"; };
		AD1453911C724776002435BB /* PSSquareView.m */ = {isa = PBXFileReference; fileEncoding = 4; lastKnownFileType = sourcecode.c.objc; path = PSSquareView.m; sourceTree = "<group>"; };
		AD1EBB3C1C89D82F0059AB30 /* PSModel.h */ = {isa = PBXFileReference; fileEncoding = 4; lastKnownFileType = sourcecode.c.h; path = PSModel.h; sourceTree = "<group>"; };
		AD1EBB3D1C89D82F0059AB30 /* PSModel.m */ = {isa = PBXFileReference; fileEncoding = 4; lastKnownFileType = sourcecode.c.objc; path = PSModel.m; sourceTree = "<group>"; };
		AD1EBB401C89E0780059AB30 /* PSModelObserver.h */ = {isa = PBXFileReference; lastKnownFileType = sourcecode.c.h; path = PSModelObserver.h; sourceTree = "<group>"; };
		AD1F42C11C9C524000965B88 /* PSImageView.h */ = {isa = PBXFileReference; fileEncoding = 4; lastKnownFileType = sourcecode.c.h; path = PSImageView.h; sourceTree = "<group>"; };
		AD1F42C21C9C524000965B88 /* PSImageView.m */ = {isa = PBXFileReference; fileEncoding = 4; lastKnownFileType = sourcecode.c.objc; path = PSImageView.m; sourceTree = "<group>"; };
		AD3017D71C623DD3000344A3 /* IOSTrainingProject.app */ = {isa = PBXFileReference; explicitFileType = wrapper.application; includeInIndex = 0; path = IOSTrainingProject.app; sourceTree = BUILT_PRODUCTS_DIR; };
		AD3017DB1C623DD3000344A3 /* main.m */ = {isa = PBXFileReference; lastKnownFileType = sourcecode.c.objc; path = main.m; sourceTree = "<group>"; };
		AD3017DD1C623DD3000344A3 /* PSAppDelegate.h */ = {isa = PBXFileReference; lastKnownFileType = sourcecode.c.h; path = PSAppDelegate.h; sourceTree = "<group>"; };
		AD3017DE1C623DD3000344A3 /* PSAppDelegate.m */ = {isa = PBXFileReference; lastKnownFileType = sourcecode.c.objc; path = PSAppDelegate.m; sourceTree = "<group>"; };
		AD3017E41C623DD4000344A3 /* Base */ = {isa = PBXFileReference; lastKnownFileType = file.storyboard; name = Base; path = Base.lproj/Main.storyboard; sourceTree = "<group>"; };
		AD3017E61C623DD4000344A3 /* Assets.xcassets */ = {isa = PBXFileReference; lastKnownFileType = folder.assetcatalog; path = Assets.xcassets; sourceTree = "<group>"; };
		AD3017E91C623DD4000344A3 /* Base */ = {isa = PBXFileReference; lastKnownFileType = file.storyboard; name = Base; path = Base.lproj/LaunchScreen.storyboard; sourceTree = "<group>"; };
		AD3017EB1C623DD4000344A3 /* Info.plist */ = {isa = PBXFileReference; lastKnownFileType = text.plist.xml; path = Info.plist; sourceTree = "<group>"; };
		AD3918781C734E930077C246 /* UIWindow+PSExtensions.h */ = {isa = PBXFileReference; fileEncoding = 4; lastKnownFileType = sourcecode.c.h; path = "UIWindow+PSExtensions.h"; sourceTree = "<group>"; };
		AD3918791C734E930077C246 /* UIWindow+PSExtensions.m */ = {isa = PBXFileReference; fileEncoding = 4; lastKnownFileType = sourcecode.c.objc; path = "UIWindow+PSExtensions.m"; sourceTree = "<group>"; };
		AD39187B1C734E930077C246 /* PSWeakifyMacros.h */ = {isa = PBXFileReference; fileEncoding = 4; lastKnownFileType = sourcecode.c.h; path = PSWeakifyMacros.h; sourceTree = "<group>"; };
		AD39187D1C7359A40077C246 /* IDPStudyPlan */ = {isa = PBXFileReference; lastKnownFileType = text; name = IDPStudyPlan; path = ../../IDPStudyPlan; sourceTree = "<group>"; };
		AD5526B01C75F92100D6404B /* UIViewController+PSExtensionsMacros.h */ = {isa = PBXFileReference; lastKnownFileType = sourcecode.c.h; path = "UIViewController+PSExtensionsMacros.h"; sourceTree = "<group>"; };
		AD5526B51C7600FE00D6404B /* CGGeometry+PSExtensions.h */ = {isa = PBXFileReference; fileEncoding = 4; lastKnownFileType = sourcecode.c.h; path = "CGGeometry+PSExtensions.h"; sourceTree = "<group>"; };
		AD5526B61C7600FE00D6404B /* CGGeometry+PSExtensions.m */ = {isa = PBXFileReference; fileEncoding = 4; lastKnownFileType = sourcecode.c.objc; path = "CGGeometry+PSExtensions.m"; sourceTree = "<group>"; };
		AD5526CA1C76337E00D6404B /* PSUsersView.h */ = {isa = PBXFileReference; fileEncoding = 4; lastKnownFileType = sourcecode.c.h; path = PSUsersView.h; sourceTree = "<group>"; };
		AD5526CB1C76337E00D6404B /* PSUsersView.m */ = {isa = PBXFileReference; fileEncoding = 4; lastKnownFileType = sourcecode.c.objc; path = PSUsersView.m; sourceTree = "<group>"; };
		AD5526CC1C76337E00D6404B /* PSUsersViewController.h */ = {isa = PBXFileReference; fileEncoding = 4; lastKnownFileType = sourcecode.c.h; path = PSUsersViewController.h; sourceTree = "<group>"; };
		AD5526CD1C76337E00D6404B /* PSUsersViewController.m */ = {isa = PBXFileReference; fileEncoding = 4; lastKnownFileType = sourcecode.c.objc; path = PSUsersViewController.m; sourceTree = "<group>"; };
		AD5526CE1C76337E00D6404B /* PSUsersViewController.xib */ = {isa = PBXFileReference; fileEncoding = 4; lastKnownFileType = file.xib; path = PSUsersViewController.xib; sourceTree = "<group>"; };
		AD5526D21C7637A300D6404B /* PSReturnMacros.h */ = {isa = PBXFileReference; lastKnownFileType = sourcecode.c.h; path = PSReturnMacros.h; sourceTree = "<group>"; };
		AD7233F31C8862E6005FABD1 /* PSArrayChangesModel+PSArray.h */ = {isa = PBXFileReference; fileEncoding = 4; lastKnownFileType = sourcecode.c.h; path = "PSArrayChangesModel+PSArray.h"; sourceTree = "<group>"; };
		AD7233F41C8862E6005FABD1 /* PSArrayChangesModel+PSArray.m */ = {isa = PBXFileReference; fileEncoding = 4; lastKnownFileType = sourcecode.c.objc; path = "PSArrayChangesModel+PSArray.m"; sourceTree = "<group>"; };
		AD7233F61C886768005FABD1 /* PSArrayModelObserver.h */ = {isa = PBXFileReference; lastKnownFileType = sourcecode.c.h; path = PSArrayModelObserver.h; sourceTree = "<group>"; };
		AD7233F91C8875AA005FABD1 /* PSArrayChangesModel+UITableView.h */ = {isa = PBXFileReference; fileEncoding = 4; lastKnownFileType = sourcecode.c.h; path = "PSArrayChangesModel+UITableView.h"; sourceTree = "<group>"; };
		AD7233FA1C8875AA005FABD1 /* PSArrayChangesModel+UITableView.m */ = {isa = PBXFileReference; fileEncoding = 4; lastKnownFileType = sourcecode.c.objc; path = "PSArrayChangesModel+UITableView.m"; sourceTree = "<group>"; };
		AD7233FD1C887743005FABD1 /* NSIndexPath+PSExtensions.h */ = {isa = PBXFileReference; fileEncoding = 4; lastKnownFileType = sourcecode.c.h; path = "NSIndexPath+PSExtensions.h"; sourceTree = "<group>"; };
		AD7233FE1C887743005FABD1 /* NSIndexPath+PSExtensions.m */ = {isa = PBXFileReference; fileEncoding = 4; lastKnownFileType = sourcecode.c.objc; path = "NSIndexPath+PSExtensions.m"; sourceTree = "<group>"; };
		AD7234021C887E25005FABD1 /* UITableView+PSArrayChangesModel.h */ = {isa = PBXFileReference; fileEncoding = 4; lastKnownFileType = sourcecode.c.h; path = "UITableView+PSArrayChangesModel.h"; sourceTree = "<group>"; };
		AD7234031C887E25005FABD1 /* UITableView+PSArrayChangesModel.m */ = {isa = PBXFileReference; fileEncoding = 4; lastKnownFileType = sourcecode.c.objc; path = "UITableView+PSArrayChangesModel.m"; sourceTree = "<group>"; };
		AD7234061C88BC30005FABD1 /* PSArrayIndexChangesModel.h */ = {isa = PBXFileReference; fileEncoding = 4; lastKnownFileType = sourcecode.c.h; path = PSArrayIndexChangesModel.h; sourceTree = "<group>"; };
		AD7234071C88BC30005FABD1 /* PSArrayIndexChangesModel.m */ = {isa = PBXFileReference; fileEncoding = 4; lastKnownFileType = sourcecode.c.objc; path = PSArrayIndexChangesModel.m; sourceTree = "<group>"; };
		AD72340A1C88C1A4005FABD1 /* PSArrayDoubleIndexChangesModel.h */ = {isa = PBXFileReference; fileEncoding = 4; lastKnownFileType = sourcecode.c.h; path = PSArrayDoubleIndexChangesModel.h; sourceTree = "<group>"; };
		AD72340B1C88C1A4005FABD1 /* PSArrayDoubleIndexChangesModel.m */ = {isa = PBXFileReference; fileEncoding = 4; lastKnownFileType = sourcecode.c.objc; path = PSArrayDoubleIndexChangesModel.m; sourceTree = "<group>"; };
		AD72340E1C88F3B1005FABD1 /* PSArrayIndexChangesModel+UITableView.h */ = {isa = PBXFileReference; fileEncoding = 4; lastKnownFileType = sourcecode.c.h; path = "PSArrayIndexChangesModel+UITableView.h"; sourceTree = "<group>"; };
		AD72340F1C88F3B1005FABD1 /* PSArrayIndexChangesModel+UITableView.m */ = {isa = PBXFileReference; fileEncoding = 4; lastKnownFileType = sourcecode.c.objc; path = "PSArrayIndexChangesModel+UITableView.m"; sourceTree = "<group>"; };
		AD7234121C88F63F005FABD1 /* PSArrayDoubleIndexChangesModel+UITableView.h */ = {isa = PBXFileReference; fileEncoding = 4; lastKnownFileType = sourcecode.c.h; path = "PSArrayDoubleIndexChangesModel+UITableView.h"; sourceTree = "<group>"; };
		AD7234131C88F63F005FABD1 /* PSArrayDoubleIndexChangesModel+UITableView.m */ = {isa = PBXFileReference; fileEncoding = 4; lastKnownFileType = sourcecode.c.objc; path = "PSArrayDoubleIndexChangesModel+UITableView.m"; sourceTree = "<group>"; };
		AD7E00D21C903C8100B62417 /* PSUserCell.h */ = {isa = PBXFileReference; fileEncoding = 4; lastKnownFileType = sourcecode.c.h; path = PSUserCell.h; sourceTree = "<group>"; };
		AD7E00D31C903C8100B62417 /* PSUserCell.m */ = {isa = PBXFileReference; fileEncoding = 4; lastKnownFileType = sourcecode.c.objc; path = PSUserCell.m; sourceTree = "<group>"; };
		AD7E00D51C903D3900B62417 /* PSLoadingView.h */ = {isa = PBXFileReference; fileEncoding = 4; lastKnownFileType = sourcecode.c.h; path = PSLoadingView.h; sourceTree = "<group>"; };
		AD7E00D61C903D3900B62417 /* PSLoadingView.m */ = {isa = PBXFileReference; fileEncoding = 4; lastKnownFileType = sourcecode.c.objc; path = PSLoadingView.m; sourceTree = "<group>"; };
		AD7E00D71C903D3900B62417 /* PSLoadingView.xib */ = {isa = PBXFileReference; fileEncoding = 4; lastKnownFileType = file.xib; path = PSLoadingView.xib; sourceTree = "<group>"; };
		AD7E00DB1C9047CF00B62417 /* PSView.h */ = {isa = PBXFileReference; fileEncoding = 4; lastKnownFileType = sourcecode.c.h; path = PSView.h; sourceTree = "<group>"; };
		AD7E00DC1C9047CF00B62417 /* PSView.m */ = {isa = PBXFileReference; fileEncoding = 4; lastKnownFileType = sourcecode.c.objc; path = PSView.m; sourceTree = "<group>"; };
		ADA5832D1C7F687200A53DDD /* PSArray.h */ = {isa = PBXFileReference; fileEncoding = 4; lastKnownFileType = sourcecode.c.h; path = PSArray.h; sourceTree = "<group>"; };
		ADA5832E1C7F687200A53DDD /* PSArray.m */ = {isa = PBXFileReference; fileEncoding = 4; lastKnownFileType = sourcecode.c.objc; path = PSArray.m; sourceTree = "<group>"; };
		ADA583301C7F717200A53DDD /* PSPragmaMacros.h */ = {isa = PBXFileReference; lastKnownFileType = sourcecode.c.h; path = PSPragmaMacros.h; sourceTree = "<group>"; };
		ADA583311C7F71D100A53DDD /* PSBlockCallMacros.h */ = {isa = PBXFileReference; lastKnownFileType = sourcecode.c.h; path = PSBlockCallMacros.h; sourceTree = "<group>"; };
		ADA583351C7FDBB000A53DDD /* PSUserCell.xib */ = {isa = PBXFileReference; fileEncoding = 4; lastKnownFileType = file.xib; name = PSUserCell.xib; path = Source/UI/Views/PSUserCell/PSUserCell.xib; sourceTree = SOURCE_ROOT; };
		ADA5833A1C7FE0C700A53DDD /* PSObservableObject.h */ = {isa = PBXFileReference; fileEncoding = 4; lastKnownFileType = sourcecode.c.h; path = PSObservableObject.h; sourceTree = "<group>"; };
		ADA5833B1C7FE0C700A53DDD /* PSObservableObject.m */ = {isa = PBXFileReference; fileEncoding = 4; lastKnownFileType = sourcecode.c.objc; path = PSObservableObject.m; sourceTree = "<group>"; };
		ADA5833F1C7FE49C00A53DDD /* PSReference.h */ = {isa = PBXFileReference; fileEncoding = 4; lastKnownFileType = sourcecode.c.h; path = PSReference.h; sourceTree = "<group>"; };
		ADA583401C7FE49C00A53DDD /* PSReference.m */ = {isa = PBXFileReference; fileEncoding = 4; lastKnownFileType = sourcecode.c.objc; path = PSReference.m; sourceTree = "<group>"; };
		ADA583431C7FE4BD00A53DDD /* PSAssignReference.h */ = {isa = PBXFileReference; fileEncoding = 4; lastKnownFileType = sourcecode.c.h; path = PSAssignReference.h; sourceTree = "<group>"; };
		ADA583441C7FE4BD00A53DDD /* PSAssignReference.m */ = {isa = PBXFileReference; fileEncoding = 4; lastKnownFileType = sourcecode.c.objc; path = PSAssignReference.m; sourceTree = "<group>"; };
		ADAB37AA1C98552400CECAEE /* PSDispatch.h */ = {isa = PBXFileReference; fileEncoding = 4; lastKnownFileType = sourcecode.c.h; path = PSDispatch.h; sourceTree = "<group>"; };
		ADAB37AB1C98552400CECAEE /* PSDispatch.m */ = {isa = PBXFileReference; fileEncoding = 4; lastKnownFileType = sourcecode.c.objc; path = PSDispatch.m; sourceTree = "<group>"; };
		ADAC99821C8614D100D689D6 /* PSArrayChangesModel.h */ = {isa = PBXFileReference; fileEncoding = 4; lastKnownFileType = sourcecode.c.h; path = PSArrayChangesModel.h; sourceTree = "<group>"; };
		ADAC99831C8614D100D689D6 /* PSArrayChangesModel.m */ = {isa = PBXFileReference; fileEncoding = 4; lastKnownFileType = sourcecode.c.objc; path = PSArrayChangesModel.m; sourceTree = "<group>"; };
		ADD69ECB1C6CFD6600B50A0F /* PSSquareViewController.h */ = {isa = PBXFileReference; fileEncoding = 4; lastKnownFileType = sourcecode.c.h; path = PSSquareViewController.h; sourceTree = "<group>"; };
		ADD69ECC1C6CFD6600B50A0F /* PSSquareViewController.m */ = {isa = PBXFileReference; fileEncoding = 4; lastKnownFileType = sourcecode.c.objc; path = PSSquareViewController.m; sourceTree = "<group>"; };
		ADD69ECD1C6CFD6600B50A0F /* PSSquareViewController.xib */ = {isa = PBXFileReference; fileEncoding = 4; lastKnownFileType = file.xib; path = PSSquareViewController.xib; sourceTree = "<group>"; };
		ADD97B771C7CAB2800E4914B /* Apple_core.png */ = {isa = PBXFileReference; lastKnownFileType = image.png; path = Apple_core.png; sourceTree = "<group>"; };
		ADD97B791C7CD65E00E4914B /* PSUsers.h */ = {isa = PBXFileReference; fileEncoding = 4; lastKnownFileType = sourcecode.c.h; path = PSUsers.h; sourceTree = "<group>"; };
		ADD97B7A1C7CD65E00E4914B /* PSUsers.m */ = {isa = PBXFileReference; fileEncoding = 4; lastKnownFileType = sourcecode.c.objc; path = PSUsers.m; sourceTree = "<group>"; };
		ADEEF6D11C8493D2007188B9 /* UINib+PSExtensions.h */ = {isa = PBXFileReference; fileEncoding = 4; lastKnownFileType = sourcecode.c.h; name = "UINib+PSExtensions.h"; path = "Source/Library/Categories/UINib/UINib+PSExtensions.h"; sourceTree = SOURCE_ROOT; };
		ADEEF6D21C8493D2007188B9 /* UINib+PSExtensions.m */ = {isa = PBXFileReference; fileEncoding = 4; lastKnownFileType = sourcecode.c.objc; name = "UINib+PSExtensions.m"; path = "Source/Library/Categories/UINib/UINib+PSExtensions.m"; sourceTree = SOURCE_ROOT; };
		ADEEF6D61C849440007188B9 /* UITableView+PSExtensions.h */ = {isa = PBXFileReference; fileEncoding = 4; lastKnownFileType = sourcecode.c.h; path = "UITableView+PSExtensions.h"; sourceTree = "<group>"; };
		ADEEF6D71C849440007188B9 /* UITableView+PSExtensions.m */ = {isa = PBXFileReference; fileEncoding = 4; lastKnownFileType = sourcecode.c.objc; path = "UITableView+PSExtensions.m"; sourceTree = "<group>"; };
		ADF89CBF1CA00FD900993F33 /* PSImageModel.h */ = {isa = PBXFileReference; fileEncoding = 4; lastKnownFileType = sourcecode.c.h; path = PSImageModel.h; sourceTree = "<group>"; };
		ADF89CC01CA00FD900993F33 /* PSImageModel.m */ = {isa = PBXFileReference; fileEncoding = 4; lastKnownFileType = sourcecode.c.objc; path = PSImageModel.m; sourceTree = "<group>"; };
		ADF89CC31CA0744C00993F33 /* PSCache.h */ = {isa = PBXFileReference; fileEncoding = 4; lastKnownFileType = sourcecode.c.h; path = PSCache.h; sourceTree = "<group>"; };
		ADF89CC41CA0744C00993F33 /* PSCache.m */ = {isa = PBXFileReference; fileEncoding = 4; lastKnownFileType = sourcecode.c.objc; path = PSCache.m; sourceTree = "<group>"; };
		ADF89CC71CA0DAEE00993F33 /* NSFileManager+PSExtensions.h */ = {isa = PBXFileReference; fileEncoding = 4; lastKnownFileType = sourcecode.c.h; path = "NSFileManager+PSExtensions.h"; sourceTree = "<group>"; };
		ADF89CC81CA0DAEE00993F33 /* NSFileManager+PSExtensions.m */ = {isa = PBXFileReference; fileEncoding = 4; lastKnownFileType = sourcecode.c.objc; path = "NSFileManager+PSExtensions.m"; sourceTree = "<group>"; };
/* End PBXFileReference section */

/* Begin PBXFrameworksBuildPhase section */
		AD3017D41C623DD3000344A3 /* Frameworks */ = {
			isa = PBXFrameworksBuildPhase;
			buildActionMask = 2147483647;
			files = (
			);
			runOnlyForDeploymentPostprocessing = 0;
		};
/* End PBXFrameworksBuildPhase section */

/* Begin PBXGroup section */
		AD0501551C7B8E0D00EF3116 /* Models */ = {
			isa = PBXGroup;
			children = (
				ADF89CBE1CA00F9E00993F33 /* PSImageModel */,
				AD1EBB381C89D7C70059AB30 /* PSModel */,
				ADD97B7C1C7CD6BD00E4914B /* PSArray */,
				AD0501561C7B8E3800EF3116 /* PSUser */,
			);
			path = Models;
			sourceTree = "<group>";
		};
		AD0501561C7B8E3800EF3116 /* PSUser */ = {
			isa = PBXGroup;
			children = (
				AD0501571C7B8E6500EF3116 /* PSUser.h */,
				AD0501581C7B8E6500EF3116 /* PSUser.m */,
				ADD97B791C7CD65E00E4914B /* PSUsers.h */,
				ADD97B7A1C7CD65E00E4914B /* PSUsers.m */,
			);
			path = PSUser;
			sourceTree = "<group>";
		};
		AD05015A1C7B8FF700EF3116 /* NSString */ = {
			isa = PBXGroup;
			children = (
				AD05015B1C7B907B00EF3116 /* NSString+PSExtensions.h */,
				AD05015C1C7B907B00EF3116 /* NSString+PSExtensions.m */,
			);
			path = NSString;
			sourceTree = "<group>";
		};
		AD1EBB381C89D7C70059AB30 /* PSModel */ = {
			isa = PBXGroup;
			children = (
				AD1EBB3C1C89D82F0059AB30 /* PSModel.h */,
				AD1EBB3D1C89D82F0059AB30 /* PSModel.m */,
				AD1EBB401C89E0780059AB30 /* PSModelObserver.h */,
			);
			path = PSModel;
			sourceTree = "<group>";
		};
		AD1F42C01C9C51F200965B88 /* PSImageView */ = {
			isa = PBXGroup;
			children = (
				AD1F42C11C9C524000965B88 /* PSImageView.h */,
				AD1F42C21C9C524000965B88 /* PSImageView.m */,
			);
			path = PSImageView;
			sourceTree = "<group>";
		};
		AD3017CE1C623DD3000344A3 = {
			isa = PBXGroup;
			children = (
				AD39187D1C7359A40077C246 /* IDPStudyPlan */,
				AD30180E1C62426E000344A3 /* Source */,
				AD3017D91C623DD3000344A3 /* IOSTrainingProject */,
				AD3017D81C623DD3000344A3 /* Products */,
				AD30180D1C623FE3000344A3 /* Resources */,
			);
			sourceTree = "<group>";
		};
		AD3017D81C623DD3000344A3 /* Products */ = {
			isa = PBXGroup;
			children = (
				AD3017D71C623DD3000344A3 /* IOSTrainingProject.app */,
			);
			name = Products;
			sourceTree = "<group>";
		};
		AD3017D91C623DD3000344A3 /* IOSTrainingProject */ = {
			isa = PBXGroup;
			children = (
				AD3017DD1C623DD3000344A3 /* PSAppDelegate.h */,
				AD3017DE1C623DD3000344A3 /* PSAppDelegate.m */,
				AD3017EB1C623DD4000344A3 /* Info.plist */,
				AD3017DB1C623DD3000344A3 /* main.m */,
				AD14538F1C723D20002435BB /* PrefixHeader.pch */,
			);
			path = IOSTrainingProject;
			sourceTree = "<group>";
		};
		AD30180D1C623FE3000344A3 /* Resources */ = {
			isa = PBXGroup;
			children = (
				ADD97B701C7CA80300E4914B /* Images */,
				AD3017E61C623DD4000344A3 /* Assets.xcassets */,
				AD3017E81C623DD4000344A3 /* LaunchScreen.storyboard */,
				AD3017E31C623DD4000344A3 /* Main.storyboard */,
			);
			path = Resources;
			sourceTree = "<group>";
		};
		AD30180E1C62426E000344A3 /* Source */ = {
			isa = PBXGroup;
			children = (
				AD0501551C7B8E0D00EF3116 /* Models */,
				ADD69EBE1C6CFCB000B50A0F /* Library */,
				ADD69EC31C6CFCB000B50A0F /* UI */,
			);
			path = Source;
			sourceTree = "<group>";
		};
		AD3918761C734E930077C246 /* Categories */ = {
			isa = PBXGroup;
			children = (
				ADF89CC61CA0DA9800993F33 /* NSFileManager */,
				AD7233FC1C8876BA005FABD1 /* NSIndexPath */,
				ADEEF6D41C849403007188B9 /* UITableView */,
				ADEEF6CD1C8490C6007188B9 /* UINib */,
				ADA583321C7F72B800A53DDD /* UIViewController */,
				AD05015A1C7B8FF700EF3116 /* NSString */,
				AD5526B11C75FD1B00D6404B /* CGGeometry */,
				AD3918771C734E930077C246 /* UIWindow */,
			);
			path = Categories;
			sourceTree = "<group>";
		};
		AD3918771C734E930077C246 /* UIWindow */ = {
			isa = PBXGroup;
			children = (
				AD3918781C734E930077C246 /* UIWindow+PSExtensions.h */,
				AD3918791C734E930077C246 /* UIWindow+PSExtensions.m */,
			);
			path = UIWindow;
			sourceTree = "<group>";
		};
		AD39187A1C734E930077C246 /* Macros */ = {
			isa = PBXGroup;
			children = (
				AD39187B1C734E930077C246 /* PSWeakifyMacros.h */,
				AD5526D21C7637A300D6404B /* PSReturnMacros.h */,
				ADA583301C7F717200A53DDD /* PSPragmaMacros.h */,
				ADA583311C7F71D100A53DDD /* PSBlockCallMacros.h */,
			);
			path = Macros;
			sourceTree = "<group>";
		};
		AD5526B11C75FD1B00D6404B /* CGGeometry */ = {
			isa = PBXGroup;
			children = (
				AD5526B51C7600FE00D6404B /* CGGeometry+PSExtensions.h */,
				AD5526B61C7600FE00D6404B /* CGGeometry+PSExtensions.m */,
			);
			path = CGGeometry;
			sourceTree = "<group>";
		};
		AD5526C91C76337E00D6404B /* PSUsersView */ = {
			isa = PBXGroup;
			children = (
				AD5526CA1C76337E00D6404B /* PSUsersView.h */,
				AD5526CB1C76337E00D6404B /* PSUsersView.m */,
				AD5526CC1C76337E00D6404B /* PSUsersViewController.h */,
				AD5526CD1C76337E00D6404B /* PSUsersViewController.m */,
				AD5526CE1C76337E00D6404B /* PSUsersViewController.xib */,
			);
			path = PSUsersView;
			sourceTree = "<group>";
		};
		AD7233F21C886293005FABD1 /* PSArrayChangesModel+PSArray */ = {
			isa = PBXGroup;
			children = (
				AD7233F31C8862E6005FABD1 /* PSArrayChangesModel+PSArray.h */,
				AD7233F41C8862E6005FABD1 /* PSArrayChangesModel+PSArray.m */,
			);
			path = "PSArrayChangesModel+PSArray";
			sourceTree = "<group>";
		};
		AD7233F71C88755E005FABD1 /* PSArrayChangesModel+UITableView */ = {
			isa = PBXGroup;
			children = (
				AD7233F91C8875AA005FABD1 /* PSArrayChangesModel+UITableView.h */,
				AD7233FA1C8875AA005FABD1 /* PSArrayChangesModel+UITableView.m */,
			);
			path = "PSArrayChangesModel+UITableView";
			sourceTree = "<group>";
		};
		AD7233FC1C8876BA005FABD1 /* NSIndexPath */ = {
			isa = PBXGroup;
			children = (
				AD7233FD1C887743005FABD1 /* NSIndexPath+PSExtensions.h */,
				AD7233FE1C887743005FABD1 /* NSIndexPath+PSExtensions.m */,
			);
			path = NSIndexPath;
			sourceTree = "<group>";
		};
		AD7234011C887DD9005FABD1 /* UITableView+PSArrayChangesModel */ = {
			isa = PBXGroup;
			children = (
				AD7234021C887E25005FABD1 /* UITableView+PSArrayChangesModel.h */,
				AD7234031C887E25005FABD1 /* UITableView+PSArrayChangesModel.m */,
			);
			name = "UITableView+PSArrayChangesModel";
			path = "../../../Models/PSArray/UITableView+PSArrayChangesModel";
			sourceTree = "<group>";
		};
		AD7234051C88BBDB005FABD1 /* PSArrayIndexChangesModel */ = {
			isa = PBXGroup;
			children = (
				AD72340D1C88F36A005FABD1 /* PSArrayIndexChangesModel+UITableView */,
				AD7234061C88BC30005FABD1 /* PSArrayIndexChangesModel.h */,
				AD7234071C88BC30005FABD1 /* PSArrayIndexChangesModel.m */,
			);
			path = PSArrayIndexChangesModel;
			sourceTree = "<group>";
		};
		AD7234091C88C176005FABD1 /* PSArrayDoubleIndexChangesModel */ = {
			isa = PBXGroup;
			children = (
				AD7234111C88F5DD005FABD1 /* PSArrayDoubleIndexChangesModel+UITableView */,
				AD72340A1C88C1A4005FABD1 /* PSArrayDoubleIndexChangesModel.h */,
				AD72340B1C88C1A4005FABD1 /* PSArrayDoubleIndexChangesModel.m */,
			);
			path = PSArrayDoubleIndexChangesModel;
			sourceTree = "<group>";
		};
		AD72340D1C88F36A005FABD1 /* PSArrayIndexChangesModel+UITableView */ = {
			isa = PBXGroup;
			children = (
				AD72340E1C88F3B1005FABD1 /* PSArrayIndexChangesModel+UITableView.h */,
				AD72340F1C88F3B1005FABD1 /* PSArrayIndexChangesModel+UITableView.m */,
			);
			path = "PSArrayIndexChangesModel+UITableView";
			sourceTree = "<group>";
		};
		AD7234111C88F5DD005FABD1 /* PSArrayDoubleIndexChangesModel+UITableView */ = {
			isa = PBXGroup;
			children = (
				AD7234121C88F63F005FABD1 /* PSArrayDoubleIndexChangesModel+UITableView.h */,
				AD7234131C88F63F005FABD1 /* PSArrayDoubleIndexChangesModel+UITableView.m */,
			);
			path = "PSArrayDoubleIndexChangesModel+UITableView";
			sourceTree = "<group>";
		};
		AD7E00D01C903B0100B62417 /* Views */ = {
			isa = PBXGroup;
			children = (
				AD1F42C01C9C51F200965B88 /* PSImageView */,
				AD7E00DA1C90449100B62417 /* PSView */,
				AD7E00D11C903B3200B62417 /* PSLoadingView */,
				ADD97B7D1C7CDC6400E4914B /* PSUserCell */,
			);
			path = Views;
			sourceTree = "<group>";
		};
		AD7E00D11C903B3200B62417 /* PSLoadingView */ = {
			isa = PBXGroup;
			children = (
				AD7E00D51C903D3900B62417 /* PSLoadingView.h */,
				AD7E00D61C903D3900B62417 /* PSLoadingView.m */,
				AD7E00D71C903D3900B62417 /* PSLoadingView.xib */,
			);
			path = PSLoadingView;
			sourceTree = "<group>";
		};
		AD7E00DA1C90449100B62417 /* PSView */ = {
			isa = PBXGroup;
			children = (
				AD7E00DB1C9047CF00B62417 /* PSView.h */,
				AD7E00DC1C9047CF00B62417 /* PSView.m */,
			);
			path = PSView;
			sourceTree = "<group>";
		};
		ADA583321C7F72B800A53DDD /* UIViewController */ = {
			isa = PBXGroup;
			children = (
				AD5526B01C75F92100D6404B /* UIViewController+PSExtensionsMacros.h */,
			);
			path = UIViewController;
			sourceTree = "<group>";
		};
		ADA583381C7FE01D00A53DDD /* Classes */ = {
			isa = PBXGroup;
			children = (
				ADF89CC21CA0740D00993F33 /* PSCache */,
				ADAB37A91C9854BE00CECAEE /* PSDispatch */,
				ADA5833D1C7FE43900A53DDD /* PSReference */,
				ADA583391C7FE09200A53DDD /* PSObservableObject */,
			);
			path = Classes;
			sourceTree = "<group>";
		};
		ADA583391C7FE09200A53DDD /* PSObservableObject */ = {
			isa = PBXGroup;
			children = (
				ADA5833A1C7FE0C700A53DDD /* PSObservableObject.h */,
				ADA5833B1C7FE0C700A53DDD /* PSObservableObject.m */,
			);
			path = PSObservableObject;
			sourceTree = "<group>";
		};
		ADA5833D1C7FE43900A53DDD /* PSReference */ = {
			isa = PBXGroup;
			children = (
				ADA5833E1C7FE47C00A53DDD /* PSAssignReference */,
				ADA5833F1C7FE49C00A53DDD /* PSReference.h */,
				ADA583401C7FE49C00A53DDD /* PSReference.m */,
			);
			path = PSReference;
			sourceTree = "<group>";
		};
		ADA5833E1C7FE47C00A53DDD /* PSAssignReference */ = {
			isa = PBXGroup;
			children = (
				ADA583431C7FE4BD00A53DDD /* PSAssignReference.h */,
				ADA583441C7FE4BD00A53DDD /* PSAssignReference.m */,
			);
			path = PSAssignReference;
			sourceTree = "<group>";
		};
		ADAB37A91C9854BE00CECAEE /* PSDispatch */ = {
			isa = PBXGroup;
			children = (
				ADAB37AA1C98552400CECAEE /* PSDispatch.h */,
				ADAB37AB1C98552400CECAEE /* PSDispatch.m */,
			);
			path = PSDispatch;
			sourceTree = "<group>";
		};
		ADAC99811C860E0100D689D6 /* PSArrayChangesModel */ = {
			isa = PBXGroup;
			children = (
				AD7234091C88C176005FABD1 /* PSArrayDoubleIndexChangesModel */,
				AD7234051C88BBDB005FABD1 /* PSArrayIndexChangesModel */,
				ADAC99821C8614D100D689D6 /* PSArrayChangesModel.h */,
				ADAC99831C8614D100D689D6 /* PSArrayChangesModel.m */,
			);
			path = PSArrayChangesModel;
			sourceTree = "<group>";
		};
		ADD69EBE1C6CFCB000B50A0F /* Library */ = {
			isa = PBXGroup;
			children = (
				ADA583381C7FE01D00A53DDD /* Classes */,
				AD3918761C734E930077C246 /* Categories */,
				AD39187A1C734E930077C246 /* Macros */,
			);
			path = Library;
			sourceTree = "<group>";
		};
		ADD69EC31C6CFCB000B50A0F /* UI */ = {
			isa = PBXGroup;
			children = (
				AD7E00D01C903B0100B62417 /* Views */,
				ADD69EC41C6CFCB000B50A0F /* Controllers */,
			);
			path = UI;
			sourceTree = "<group>";
		};
		ADD69EC41C6CFCB000B50A0F /* Controllers */ = {
			isa = PBXGroup;
			children = (
				AD5526C91C76337E00D6404B /* PSUsersView */,
				ADD69EC51C6CFCB000B50A0F /* PSSquareViewController */,
			);
			path = Controllers;
			sourceTree = "<group>";
		};
		ADD69EC51C6CFCB000B50A0F /* PSSquareViewController */ = {
			isa = PBXGroup;
			children = (
				ADD69ECB1C6CFD6600B50A0F /* PSSquareViewController.h */,
				ADD69ECC1C6CFD6600B50A0F /* PSSquareViewController.m */,
				ADD69ECD1C6CFD6600B50A0F /* PSSquareViewController.xib */,
				AD1453901C724776002435BB /* PSSquareView.h */,
				AD1453911C724776002435BB /* PSSquareView.m */,
			);
			path = PSSquareViewController;
			sourceTree = "<group>";
		};
		ADD97B701C7CA80300E4914B /* Images */ = {
			isa = PBXGroup;
			children = (
				ADD97B771C7CAB2800E4914B /* Apple_core.png */,
			);
			path = Images;
			sourceTree = "<group>";
		};
		ADD97B7C1C7CD6BD00E4914B /* PSArray */ = {
			isa = PBXGroup;
			children = (
				AD7233F71C88755E005FABD1 /* PSArrayChangesModel+UITableView */,
				AD7233F21C886293005FABD1 /* PSArrayChangesModel+PSArray */,
				ADAC99811C860E0100D689D6 /* PSArrayChangesModel */,
				ADA5832D1C7F687200A53DDD /* PSArray.h */,
				ADA5832E1C7F687200A53DDD /* PSArray.m */,
				AD7233F61C886768005FABD1 /* PSArrayModelObserver.h */,
			);
			path = PSArray;
			sourceTree = "<group>";
		};
		ADD97B7D1C7CDC6400E4914B /* PSUserCell */ = {
			isa = PBXGroup;
			children = (
				AD7E00D21C903C8100B62417 /* PSUserCell.h */,
				AD7E00D31C903C8100B62417 /* PSUserCell.m */,
				ADA583351C7FDBB000A53DDD /* PSUserCell.xib */,
			);
			path = PSUserCell;
			sourceTree = "<group>";
		};
		ADEEF6CD1C8490C6007188B9 /* UINib */ = {
			isa = PBXGroup;
			children = (
				ADEEF6D11C8493D2007188B9 /* UINib+PSExtensions.h */,
				ADEEF6D21C8493D2007188B9 /* UINib+PSExtensions.m */,
			);
			name = UINib;
			path = "UINib+PSExtensions";
			sourceTree = "<group>";
		};
		ADEEF6D41C849403007188B9 /* UITableView */ = {
			isa = PBXGroup;
			children = (
				ADEEF6D61C849440007188B9 /* UITableView+PSExtensions.h */,
				ADEEF6D71C849440007188B9 /* UITableView+PSExtensions.m */,
				AD7234011C887DD9005FABD1 /* UITableView+PSArrayChangesModel */,
			);
			path = UITableView;
			sourceTree = "<group>";
		};
		ADF89CBE1CA00F9E00993F33 /* PSImageModel */ = {
			isa = PBXGroup;
			children = (
				ADF89CBF1CA00FD900993F33 /* PSImageModel.h */,
				ADF89CC01CA00FD900993F33 /* PSImageModel.m */,
			);
			path = PSImageModel;
			sourceTree = "<group>";
		};
		ADF89CC21CA0740D00993F33 /* PSCache */ = {
			isa = PBXGroup;
			children = (
				ADF89CC31CA0744C00993F33 /* PSCache.h */,
				ADF89CC41CA0744C00993F33 /* PSCache.m */,
			);
			path = PSCache;
			sourceTree = "<group>";
		};
		ADF89CC61CA0DA9800993F33 /* NSFileManager */ = {
			isa = PBXGroup;
			children = (
				ADF89CC71CA0DAEE00993F33 /* NSFileManager+PSExtensions.h */,
				ADF89CC81CA0DAEE00993F33 /* NSFileManager+PSExtensions.m */,
			);
			path = NSFileManager;
			sourceTree = "<group>";
		};
/* End PBXGroup section */

/* Begin PBXNativeTarget section */
		AD3017D61C623DD3000344A3 /* IOSTrainingProject */ = {
			isa = PBXNativeTarget;
			buildConfigurationList = AD3018041C623DD4000344A3 /* Build configuration list for PBXNativeTarget "IOSTrainingProject" */;
			buildPhases = (
				AD3017D31C623DD3000344A3 /* Sources */,
				AD3017D41C623DD3000344A3 /* Frameworks */,
				AD3017D51C623DD3000344A3 /* Resources */,
			);
			buildRules = (
			);
			dependencies = (
			);
			name = IOSTrainingProject;
			productName = IOSTrainingProject;
			productReference = AD3017D71C623DD3000344A3 /* IOSTrainingProject.app */;
			productType = "com.apple.product-type.application";
		};
/* End PBXNativeTarget section */

/* Begin PBXProject section */
		AD3017CF1C623DD3000344A3 /* Project object */ = {
			isa = PBXProject;
			attributes = {
				LastUpgradeCheck = 0720;
				ORGANIZATIONNAME = "Сергей";
				TargetAttributes = {
					AD3017D61C623DD3000344A3 = {
						CreatedOnToolsVersion = 7.2;
						DevelopmentTeam = HJPY5Z9H4Q;
					};
				};
			};
			buildConfigurationList = AD3017D21C623DD3000344A3 /* Build configuration list for PBXProject "IOSTrainingProject" */;
			compatibilityVersion = "Xcode 3.2";
			developmentRegion = English;
			hasScannedForEncodings = 0;
			knownRegions = (
				en,
				Base,
			);
			mainGroup = AD3017CE1C623DD3000344A3;
			productRefGroup = AD3017D81C623DD3000344A3 /* Products */;
			projectDirPath = "";
			projectRoot = "";
			targets = (
				AD3017D61C623DD3000344A3 /* IOSTrainingProject */,
			);
		};
/* End PBXProject section */

/* Begin PBXResourcesBuildPhase section */
		AD3017D51C623DD3000344A3 /* Resources */ = {
			isa = PBXResourcesBuildPhase;
			buildActionMask = 2147483647;
			files = (
				AD5526D11C76337E00D6404B /* PSUsersViewController.xib in Resources */,
				ADD97B781C7CAB2800E4914B /* Apple_core.png in Resources */,
				AD3017EA1C623DD4000344A3 /* LaunchScreen.storyboard in Resources */,
				AD7E00D91C903D3900B62417 /* PSLoadingView.xib in Resources */,
				AD3017E71C623DD4000344A3 /* Assets.xcassets in Resources */,
				ADA583371C7FDBB000A53DDD /* PSUserCell.xib in Resources */,
				ADD69ECF1C6CFD6600B50A0F /* PSSquareViewController.xib in Resources */,
				AD3017E51C623DD4000344A3 /* Main.storyboard in Resources */,
			);
			runOnlyForDeploymentPostprocessing = 0;
		};
/* End PBXResourcesBuildPhase section */

/* Begin PBXSourcesBuildPhase section */
		AD3017D31C623DD3000344A3 /* Sources */ = {
			isa = PBXSourcesBuildPhase;
			buildActionMask = 2147483647;
			files = (
				AD1453921C724776002435BB /* PSSquareView.m in Sources */,
				ADAB37AC1C98552400CECAEE /* PSDispatch.m in Sources */,
				ADF89CC11CA00FD900993F33 /* PSImageModel.m in Sources */,
				AD7E00D41C903C8100B62417 /* PSUserCell.m in Sources */,
				AD7233FF1C887743005FABD1 /* NSIndexPath+PSExtensions.m in Sources */,
				AD7E00D81C903D3900B62417 /* PSLoadingView.m in Sources */,
				AD7234041C887E25005FABD1 /* UITableView+PSArrayChangesModel.m in Sources */,
				AD5526CF1C76337E00D6404B /* PSUsersView.m in Sources */,
				AD3017DF1C623DD3000344A3 /* PSAppDelegate.m in Sources */,
				ADF89CC91CA0DAEE00993F33 /* NSFileManager+PSExtensions.m in Sources */,
				AD3017DC1C623DD3000344A3 /* main.m in Sources */,
				AD1F42C31C9C524000965B88 /* PSImageView.m in Sources */,
				AD39187C1C734E930077C246 /* UIWindow+PSExtensions.m in Sources */,
				AD7233F51C8862E6005FABD1 /* PSArrayChangesModel+PSArray.m in Sources */,
				ADF89CC51CA0744C00993F33 /* PSCache.m in Sources */,
				AD7234141C88F63F005FABD1 /* PSArrayDoubleIndexChangesModel+UITableView.m in Sources */,
				ADA583451C7FE4BD00A53DDD /* PSAssignReference.m in Sources */,
				AD5526B71C7600FE00D6404B /* CGGeometry+PSExtensions.m in Sources */,
				ADD97B7B1C7CD65E00E4914B /* PSUsers.m in Sources */,
				AD7233FB1C8875AA005FABD1 /* PSArrayChangesModel+UITableView.m in Sources */,
				AD05015D1C7B907B00EF3116 /* NSString+PSExtensions.m in Sources */,
				AD5526D01C76337E00D6404B /* PSUsersViewController.m in Sources */,
				ADEEF6D81C849440007188B9 /* UITableView+PSExtensions.m in Sources */,
				ADAC99841C8614D100D689D6 /* PSArrayChangesModel.m in Sources */,
				AD0501591C7B8E6500EF3116 /* PSUser.m in Sources */,
				AD7234101C88F3B1005FABD1 /* PSArrayIndexChangesModel+UITableView.m in Sources */,
				AD72340C1C88C1A4005FABD1 /* PSArrayDoubleIndexChangesModel.m in Sources */,
				AD7234081C88BC30005FABD1 /* PSArrayIndexChangesModel.m in Sources */,
				ADA5832F1C7F687200A53DDD /* PSArray.m in Sources */,
				ADEEF6D31C8493D2007188B9 /* UINib+PSExtensions.m in Sources */,
				ADA583411C7FE49C00A53DDD /* PSReference.m in Sources */,
				AD1EBB3E1C89D82F0059AB30 /* PSModel.m in Sources */,
				ADA5833C1C7FE0C700A53DDD /* PSObservableObject.m in Sources */,
				ADD69ECE1C6CFD6600B50A0F /* PSSquareViewController.m in Sources */,
				AD7E00DD1C9047CF00B62417 /* PSView.m in Sources */,
			);
			runOnlyForDeploymentPostprocessing = 0;
		};
/* End PBXSourcesBuildPhase section */

/* Begin PBXVariantGroup section */
		AD3017E31C623DD4000344A3 /* Main.storyboard */ = {
			isa = PBXVariantGroup;
			children = (
				AD3017E41C623DD4000344A3 /* Base */,
			);
			name = Main.storyboard;
			sourceTree = "<group>";
		};
		AD3017E81C623DD4000344A3 /* LaunchScreen.storyboard */ = {
			isa = PBXVariantGroup;
			children = (
				AD3017E91C623DD4000344A3 /* Base */,
			);
			name = LaunchScreen.storyboard;
			sourceTree = "<group>";
		};
/* End PBXVariantGroup section */

/* Begin XCBuildConfiguration section */
		AD3018021C623DD4000344A3 /* Debug */ = {
			isa = XCBuildConfiguration;
			buildSettings = {
				ALWAYS_SEARCH_USER_PATHS = NO;
				CLANG_CXX_LANGUAGE_STANDARD = "gnu++0x";
				CLANG_CXX_LIBRARY = "libc++";
				CLANG_ENABLE_MODULES = YES;
				CLANG_ENABLE_OBJC_ARC = YES;
				CLANG_WARN_BOOL_CONVERSION = YES;
				CLANG_WARN_CONSTANT_CONVERSION = YES;
				CLANG_WARN_DIRECT_OBJC_ISA_USAGE = YES_ERROR;
				CLANG_WARN_EMPTY_BODY = YES;
				CLANG_WARN_ENUM_CONVERSION = YES;
				CLANG_WARN_INT_CONVERSION = YES;
				CLANG_WARN_OBJC_ROOT_CLASS = YES_ERROR;
				CLANG_WARN_UNREACHABLE_CODE = YES;
				CLANG_WARN__DUPLICATE_METHOD_MATCH = YES;
				"CODE_SIGN_IDENTITY[sdk=iphoneos*]" = "iPhone Developer";
				COPY_PHASE_STRIP = NO;
				DEBUG_INFORMATION_FORMAT = dwarf;
				ENABLE_STRICT_OBJC_MSGSEND = YES;
				ENABLE_TESTABILITY = YES;
				GCC_C_LANGUAGE_STANDARD = gnu99;
				GCC_DYNAMIC_NO_PIC = NO;
				GCC_NO_COMMON_BLOCKS = YES;
				GCC_OPTIMIZATION_LEVEL = 0;
				GCC_PREPROCESSOR_DEFINITIONS = (
					"DEBUG=1",
					"$(inherited)",
				);
				GCC_WARN_64_TO_32_BIT_CONVERSION = YES;
				GCC_WARN_ABOUT_RETURN_TYPE = YES_ERROR;
				GCC_WARN_UNDECLARED_SELECTOR = YES;
				GCC_WARN_UNINITIALIZED_AUTOS = YES_AGGRESSIVE;
				GCC_WARN_UNUSED_FUNCTION = YES;
				GCC_WARN_UNUSED_VARIABLE = YES;
				IPHONEOS_DEPLOYMENT_TARGET = 9.2;
				MTL_ENABLE_DEBUG_INFO = YES;
				ONLY_ACTIVE_ARCH = YES;
				SDKROOT = iphoneos;
			};
			name = Debug;
		};
		AD3018031C623DD4000344A3 /* Release */ = {
			isa = XCBuildConfiguration;
			buildSettings = {
				ALWAYS_SEARCH_USER_PATHS = NO;
				CLANG_CXX_LANGUAGE_STANDARD = "gnu++0x";
				CLANG_CXX_LIBRARY = "libc++";
				CLANG_ENABLE_MODULES = YES;
				CLANG_ENABLE_OBJC_ARC = YES;
				CLANG_WARN_BOOL_CONVERSION = YES;
				CLANG_WARN_CONSTANT_CONVERSION = YES;
				CLANG_WARN_DIRECT_OBJC_ISA_USAGE = YES_ERROR;
				CLANG_WARN_EMPTY_BODY = YES;
				CLANG_WARN_ENUM_CONVERSION = YES;
				CLANG_WARN_INT_CONVERSION = YES;
				CLANG_WARN_OBJC_ROOT_CLASS = YES_ERROR;
				CLANG_WARN_UNREACHABLE_CODE = YES;
				CLANG_WARN__DUPLICATE_METHOD_MATCH = YES;
				"CODE_SIGN_IDENTITY[sdk=iphoneos*]" = "iPhone Developer";
				COPY_PHASE_STRIP = NO;
				DEBUG_INFORMATION_FORMAT = "dwarf-with-dsym";
				ENABLE_NS_ASSERTIONS = NO;
				ENABLE_STRICT_OBJC_MSGSEND = YES;
				GCC_C_LANGUAGE_STANDARD = gnu99;
				GCC_NO_COMMON_BLOCKS = YES;
				GCC_WARN_64_TO_32_BIT_CONVERSION = YES;
				GCC_WARN_ABOUT_RETURN_TYPE = YES_ERROR;
				GCC_WARN_UNDECLARED_SELECTOR = YES;
				GCC_WARN_UNINITIALIZED_AUTOS = YES_AGGRESSIVE;
				GCC_WARN_UNUSED_FUNCTION = YES;
				GCC_WARN_UNUSED_VARIABLE = YES;
				IPHONEOS_DEPLOYMENT_TARGET = 9.2;
				MTL_ENABLE_DEBUG_INFO = NO;
				SDKROOT = iphoneos;
				VALIDATE_PRODUCT = YES;
			};
			name = Release;
		};
		AD3018051C623DD4000344A3 /* Debug */ = {
			isa = XCBuildConfiguration;
			buildSettings = {
				ASSETCATALOG_COMPILER_APPICON_NAME = AppIcon;
				GCC_PREFIX_HEADER = "";
				INFOPLIST_FILE = IOSTrainingProject/Info.plist;
				LD_RUNPATH_SEARCH_PATHS = "$(inherited) @executable_path/Frameworks";
				PRODUCT_BUNDLE_IDENTIFIER = PS.IOSTrainingProject;
				PRODUCT_NAME = "$(TARGET_NAME)";
			};
			name = Debug;
		};
		AD3018061C623DD4000344A3 /* Release */ = {
			isa = XCBuildConfiguration;
			buildSettings = {
				ASSETCATALOG_COMPILER_APPICON_NAME = AppIcon;
				GCC_PREFIX_HEADER = "";
				INFOPLIST_FILE = IOSTrainingProject/Info.plist;
				LD_RUNPATH_SEARCH_PATHS = "$(inherited) @executable_path/Frameworks";
				PRODUCT_BUNDLE_IDENTIFIER = PS.IOSTrainingProject;
				PRODUCT_NAME = "$(TARGET_NAME)";
			};
			name = Release;
		};
/* End XCBuildConfiguration section */

/* Begin XCConfigurationList section */
		AD3017D21C623DD3000344A3 /* Build configuration list for PBXProject "IOSTrainingProject" */ = {
			isa = XCConfigurationList;
			buildConfigurations = (
				AD3018021C623DD4000344A3 /* Debug */,
				AD3018031C623DD4000344A3 /* Release */,
			);
			defaultConfigurationIsVisible = 0;
			defaultConfigurationName = Release;
		};
		AD3018041C623DD4000344A3 /* Build configuration list for PBXNativeTarget "IOSTrainingProject" */ = {
			isa = XCConfigurationList;
			buildConfigurations = (
				AD3018051C623DD4000344A3 /* Debug */,
				AD3018061C623DD4000344A3 /* Release */,
			);
			defaultConfigurationIsVisible = 0;
			defaultConfigurationName = Release;
		};
/* End XCConfigurationList section */
	};
	rootObject = AD3017CF1C623DD3000344A3 /* Project object */;
}
